// !$*UTF8*$!
{
	archiveVersion = 1;
	classes = {
	};
	objectVersion = 46;
	objects = {

/* Begin PBXBuildFile section */
		6F1662521EE5A3CA00F221E0 /* BlocklyViewController.swift in Sources */ = {isa = PBXBuildFile; fileRef = 6F1662511EE5A3CA00F221E0 /* BlocklyViewController.swift */; };
		6F1662821EE5BB3900F221E0 /* Block.swift in Sources */ = {isa = PBXBuildFile; fileRef = 6F1662761EE5BB3900F221E0 /* Block.swift */; };
		6F1662831EE5BB3900F221E0 /* BlockBuilder.swift in Sources */ = {isa = PBXBuildFile; fileRef = 6F1662771EE5BB3900F221E0 /* BlockBuilder.swift */; };
		6F1662841EE5BB3900F221E0 /* BlockGroup.swift in Sources */ = {isa = PBXBuildFile; fileRef = 6F1662781EE5BB3900F221E0 /* BlockGroup.swift */; };
		6F1662851EE5BB3900F221E0 /* Connection.swift in Sources */ = {isa = PBXBuildFile; fileRef = 6F1662791EE5BB3900F221E0 /* Connection.swift */; };
		6F1662861EE5BB3900F221E0 /* ConnectionManager.swift in Sources */ = {isa = PBXBuildFile; fileRef = 6F16627A1EE5BB3900F221E0 /* ConnectionManager.swift */; };
		6F1662871EE5BB3900F221E0 /* Field.swift in Sources */ = {isa = PBXBuildFile; fileRef = 6F16627B1EE5BB3900F221E0 /* Field.swift */; };
		6F1662881EE5BB3900F221E0 /* FieldLabel.swift in Sources */ = {isa = PBXBuildFile; fileRef = 6F16627C1EE5BB3900F221E0 /* FieldLabel.swift */; };
		6F1662891EE5BB3900F221E0 /* Workspace.swift in Sources */ = {isa = PBXBuildFile; fileRef = 6F16627D1EE5BB3900F221E0 /* Workspace.swift */; };
		6F16628E1EE5C36F00F221E0 /* Input.swift in Sources */ = {isa = PBXBuildFile; fileRef = 6F16628D1EE5C36F00F221E0 /* Input.swift */; };
		6F16629C1EE6483600F221E0 /* LayoutConfig.swift in Sources */ = {isa = PBXBuildFile; fileRef = 6F16629B1EE6483600F221E0 /* LayoutConfig.swift */; };
		6F1662C31EE64F0400F221E0 /* BlockView.swift in Sources */ = {isa = PBXBuildFile; fileRef = 6F1662B91EE64F0400F221E0 /* BlockView.swift */; };
		6F1662C41EE64F0400F221E0 /* DefaultBlockView.swift in Sources */ = {isa = PBXBuildFile; fileRef = 6F1662BB1EE64F0400F221E0 /* DefaultBlockView.swift */; };
		6F1662C51EE64F0400F221E0 /* FieldLabelView.swift in Sources */ = {isa = PBXBuildFile; fileRef = 6F1662BC1EE64F0400F221E0 /* FieldLabelView.swift */; };
		6F1662C61EE64F0400F221E0 /* FieldView.swift in Sources */ = {isa = PBXBuildFile; fileRef = 6F1662BD1EE64F0400F221E0 /* FieldView.swift */; };
		6F1662C71EE64F0400F221E0 /* InputView.swift in Sources */ = {isa = PBXBuildFile; fileRef = 6F1662BE1EE64F0400F221E0 /* InputView.swift */; };
		6F1662C81EE64F0400F221E0 /* LayoutView.swift in Sources */ = {isa = PBXBuildFile; fileRef = 6F1662BF1EE64F0400F221E0 /* LayoutView.swift */; };
		6F1662C91EE64F0400F221E0 /* ViewBuilder.swift in Sources */ = {isa = PBXBuildFile; fileRef = 6F1662C01EE64F0400F221E0 /* ViewBuilder.swift */; };
		6F1662CA1EE64F0400F221E0 /* WorkspaceView.swift in Sources */ = {isa = PBXBuildFile; fileRef = 6F1662C11EE64F0400F221E0 /* WorkspaceView.swift */; };
		6F1662CC1EE64F1A00F221E0 /* BlockBezierPath.swift in Sources */ = {isa = PBXBuildFile; fileRef = 6F1662CB1EE64F1A00F221E0 /* BlockBezierPath.swift */; };
		6F1662CE1EE650EC00F221E0 /* PathHelper.swift in Sources */ = {isa = PBXBuildFile; fileRef = 6F1662CD1EE650EC00F221E0 /* PathHelper.swift */; };
		6F1E91341EE59ED100E972E9 /* ConnectionManagerTest.swift in Sources */ = {isa = PBXBuildFile; fileRef = 6F1E91331EE59ED100E972E9 /* ConnectionManagerTest.swift */; };
		6F1E91391EE59F2D00E972E9 /* XCTest.framework in Frameworks */ = {isa = PBXBuildFile; fileRef = 6F1E91371EE59F0A00E972E9 /* XCTest.framework */; };
		6F4797F31EEA483200FB9D53 /* AEXML.framework in Frameworks */ = {isa = PBXBuildFile; fileRef = 6F6FB37A1EE8E413007545A8 /* AEXML.framework */; settings = {ATTRIBUTES = (Weak, ); }; };
		6F4797F61EEA773100FB9D53 /* RoutePlanView.swift in Sources */ = {isa = PBXBuildFile; fileRef = 6F4797F51EEA773100FB9D53 /* RoutePlanView.swift */; };
		6F4797F81EEA7A2100FB9D53 /* RoutePlanViewController.swift in Sources */ = {isa = PBXBuildFile; fileRef = 6F4797F71EEA7A2100FB9D53 /* RoutePlanViewController.swift */; };
		6F6FB33B1EE6B066007545A8 /* ViewManager.swift in Sources */ = {isa = PBXBuildFile; fileRef = 6F6FB33A1EE6B066007545A8 /* ViewManager.swift */; };
		6F6FB33C1EE6FDD6007545A8 /* BlockBuilder.swift in Sources */ = {isa = PBXBuildFile; fileRef = 6F1662771EE5BB3900F221E0 /* BlockBuilder.swift */; };
		6F6FB33D1EE6FDD9007545A8 /* ConnectionManager.swift in Sources */ = {isa = PBXBuildFile; fileRef = 6F16627A1EE5BB3900F221E0 /* ConnectionManager.swift */; };
		6F6FB33E1EE6FE1E007545A8 /* Input.swift in Sources */ = {isa = PBXBuildFile; fileRef = 6F16628D1EE5C36F00F221E0 /* Input.swift */; };
		6F6FB33F1EE6FEAD007545A8 /* Block.swift in Sources */ = {isa = PBXBuildFile; fileRef = 6F1662761EE5BB3900F221E0 /* Block.swift */; };
		6F6FB3401EE6FEAF007545A8 /* BlockGroup.swift in Sources */ = {isa = PBXBuildFile; fileRef = 6F1662781EE5BB3900F221E0 /* BlockGroup.swift */; };
		6F6FB3411EE6FEB1007545A8 /* Connection.swift in Sources */ = {isa = PBXBuildFile; fileRef = 6F1662791EE5BB3900F221E0 /* Connection.swift */; };
		6F6FB3421EE6FEB5007545A8 /* Field.swift in Sources */ = {isa = PBXBuildFile; fileRef = 6F16627B1EE5BB3900F221E0 /* Field.swift */; };
		6F6FB3431EE6FEB7007545A8 /* FieldLabel.swift in Sources */ = {isa = PBXBuildFile; fileRef = 6F16627C1EE5BB3900F221E0 /* FieldLabel.swift */; };
		6F6FB3441EE6FEB9007545A8 /* Workspace.swift in Sources */ = {isa = PBXBuildFile; fileRef = 6F16627D1EE5BB3900F221E0 /* Workspace.swift */; };
		6F6FB3451EE6FEBD007545A8 /* LayoutConfig.swift in Sources */ = {isa = PBXBuildFile; fileRef = 6F16629B1EE6483600F221E0 /* LayoutConfig.swift */; };
		6F6FB3461EE6FEBF007545A8 /* BlockBezierPath.swift in Sources */ = {isa = PBXBuildFile; fileRef = 6F1662CB1EE64F1A00F221E0 /* BlockBezierPath.swift */; };
		6F6FB3481EE7BFF1007545A8 /* VariableManager.swift in Sources */ = {isa = PBXBuildFile; fileRef = 6F6FB3471EE7BFF1007545A8 /* VariableManager.swift */; };
		6F6FB34A1EE7C155007545A8 /* FieldVariable.swift in Sources */ = {isa = PBXBuildFile; fileRef = 6F6FB3491EE7C155007545A8 /* FieldVariable.swift */; };
		6F6FB34C1EE7C168007545A8 /* FieldVariableView.swift in Sources */ = {isa = PBXBuildFile; fileRef = 6F6FB34B1EE7C168007545A8 /* FieldVariableView.swift */; };
		6F6FB34E1EE7CB4C007545A8 /* Variable.swift in Sources */ = {isa = PBXBuildFile; fileRef = 6F6FB34D1EE7CB4C007545A8 /* Variable.swift */; };
		6F6FB3511EE7D8AE007545A8 /* BlockDef.json in Resources */ = {isa = PBXBuildFile; fileRef = 6F6FB3501EE7D8AE007545A8 /* BlockDef.json */; };
		6F6FB3541EE7DAD6007545A8 /* Block+JSON.swift in Sources */ = {isa = PBXBuildFile; fileRef = 6F6FB3531EE7DAD6007545A8 /* Block+JSON.swift */; };
		6F6FB3561EE7DE19007545A8 /* InputBuilder.swift in Sources */ = {isa = PBXBuildFile; fileRef = 6F6FB3551EE7DE19007545A8 /* InputBuilder.swift */; };
		6F6FB3581EE7E413007545A8 /* BlockFactory.swift in Sources */ = {isa = PBXBuildFile; fileRef = 6F6FB3571EE7E413007545A8 /* BlockFactory.swift */; };
		6F6FB35A1EE7E615007545A8 /* BlockFactoryViewController.swift in Sources */ = {isa = PBXBuildFile; fileRef = 6F6FB3591EE7E615007545A8 /* BlockFactoryViewController.swift */; };
		6F6FB35C1EE7ED8E007545A8 /* Toolbox.swift in Sources */ = {isa = PBXBuildFile; fileRef = 6F6FB35B1EE7ED8E007545A8 /* Toolbox.swift */; };
		6F6FB35E1EE7EEF1007545A8 /* ToolboxView.swift in Sources */ = {isa = PBXBuildFile; fileRef = 6F6FB35D1EE7EEF1007545A8 /* ToolboxView.swift */; };
		6F6FB3601EE7F2BC007545A8 /* BlockToolboxViewController.swift in Sources */ = {isa = PBXBuildFile; fileRef = 6F6FB35F1EE7F2BC007545A8 /* BlockToolboxViewController.swift */; };
		6F6FB3621EE84A5C007545A8 /* BlockCompileDef.json in Resources */ = {isa = PBXBuildFile; fileRef = 6F6FB3611EE84A5C007545A8 /* BlockCompileDef.json */; };
		6F6FB3641EE84D30007545A8 /* Compiler.swift in Sources */ = {isa = PBXBuildFile; fileRef = 6F6FB3631EE84D30007545A8 /* Compiler.swift */; };
		6F6FB3681EE859B0007545A8 /* BlocklyCompilerViewController.swift in Sources */ = {isa = PBXBuildFile; fileRef = 6F6FB3671EE859B0007545A8 /* BlocklyCompilerViewController.swift */; };
		6F6FB3871EE8E41C007545A8 /* AEXML.framework in Frameworks */ = {isa = PBXBuildFile; fileRef = 6F6FB37A1EE8E413007545A8 /* AEXML.framework */; };
		6F6FB3891EE8E7C0007545A8 /* WorkspaceSerializer.swift in Sources */ = {isa = PBXBuildFile; fileRef = 6F6FB3881EE8E7C0007545A8 /* WorkspaceSerializer.swift */; };
		6F6FB38B1EE8EF13007545A8 /* BlockSerializerViewController.swift in Sources */ = {isa = PBXBuildFile; fileRef = 6F6FB38A1EE8EF13007545A8 /* BlockSerializerViewController.swift */; };
		6F6FB3951EE9321B007545A8 /* UIAlertController+Convenience.swift in Sources */ = {isa = PBXBuildFile; fileRef = 6F6FB3941EE9321B007545A8 /* UIAlertController+Convenience.swift */; };
		6F6FB3981EE9378E007545A8 /* ProjectManager.swift in Sources */ = {isa = PBXBuildFile; fileRef = 6F6FB3971EE9378E007545A8 /* ProjectManager.swift */; };
		6F6FB39A1EE93E14007545A8 /* WrapperBox.swift in Sources */ = {isa = PBXBuildFile; fileRef = 6F6FB3991EE93E14007545A8 /* WrapperBox.swift */; };
		6F74DAB31EDEED9B003A6B23 /* AppDelegate.swift in Sources */ = {isa = PBXBuildFile; fileRef = 6F74DAB21EDEED9B003A6B23 /* AppDelegate.swift */; };
		6F74DABD1EDEED9B003A6B23 /* Assets.xcassets in Resources */ = {isa = PBXBuildFile; fileRef = 6F74DABC1EDEED9B003A6B23 /* Assets.xcassets */; };
		6F74DAC01EDEED9B003A6B23 /* LaunchScreen.storyboard in Resources */ = {isa = PBXBuildFile; fileRef = 6F74DABE1EDEED9B003A6B23 /* LaunchScreen.storyboard */; };
		6F74DACB1EDEED9B003A6B23 /* RobotControl_iOSTests.swift in Sources */ = {isa = PBXBuildFile; fileRef = 6F74DACA1EDEED9B003A6B23 /* RobotControl_iOSTests.swift */; };
		6F74DAD61EDEEDE0003A6B23 /* DemoPickerViewController.swift in Sources */ = {isa = PBXBuildFile; fileRef = 6F74DAD51EDEEDE0003A6B23 /* DemoPickerViewController.swift */; };
		6F85472A1EEA2EBA008E6D3B /* VoiceControlViewController.swift in Sources */ = {isa = PBXBuildFile; fileRef = 6F8547291EEA2EBA008E6D3B /* VoiceControlViewController.swift */; };
		6F8547331EEA3508008E6D3B /* VoiceCommandCompileDef.json in Resources */ = {isa = PBXBuildFile; fileRef = 6F8547321EEA3508008E6D3B /* VoiceCommandCompileDef.json */; };
		6F8547351EEA41C6008E6D3B /* CoreTelephony.framework in Frameworks */ = {isa = PBXBuildFile; fileRef = 6F8547341EEA41C6008E6D3B /* CoreTelephony.framework */; };
		6F8547371EEA41DA008E6D3B /* Contacts.framework in Frameworks */ = {isa = PBXBuildFile; fileRef = 6F8547361EEA41DA008E6D3B /* Contacts.framework */; };
		6F8547391EEA41E2008E6D3B /* AddressBook.framework in Frameworks */ = {isa = PBXBuildFile; fileRef = 6F8547381EEA41E2008E6D3B /* AddressBook.framework */; };
		6F8603E61EDEF72D00AA4507 /* UIView + AutoLayout.swift in Sources */ = {isa = PBXBuildFile; fileRef = 6F8603E51EDEF72D00AA4507 /* UIView + AutoLayout.swift */; };
		6FC6E02B1EE9786700B4AFCC /* BluetoothManager.swift in Sources */ = {isa = PBXBuildFile; fileRef = 6FC6E0291EE9786700B4AFCC /* BluetoothManager.swift */; };
		6FC6E02C1EE9786700B4AFCC /* RobotManager.swift in Sources */ = {isa = PBXBuildFile; fileRef = 6FC6E02A1EE9786700B4AFCC /* RobotManager.swift */; };
		6FC6E0361EE97C4A00B4AFCC /* RemoteControl.swift in Sources */ = {isa = PBXBuildFile; fileRef = 6FC6E0351EE97C4A00B4AFCC /* RemoteControl.swift */; };
		6FC6E0381EE97E0700B4AFCC /* RemoteControlViewController.swift in Sources */ = {isa = PBXBuildFile; fileRef = 6FC6E0371EE97E0700B4AFCC /* RemoteControlViewController.swift */; };
		6FC6E03A1EE97E3800B4AFCC /* RemoteControlView.swift in Sources */ = {isa = PBXBuildFile; fileRef = 6FC6E0391EE97E3800B4AFCC /* RemoteControlView.swift */; };
		6FC6E0411EE9B25400B4AFCC /* VoiceControl.swift in Sources */ = {isa = PBXBuildFile; fileRef = 6FC6E0401EE9B25400B4AFCC /* VoiceControl.swift */; };
		6FC6E0431EE9B31500B4AFCC /* VoiceRecognizerAdapter.swift in Sources */ = {isa = PBXBuildFile; fileRef = 6FC6E0421EE9B31500B4AFCC /* VoiceRecognizerAdapter.swift */; };
		6FC6E0451EE9B42800B4AFCC /* iflyMSC.framework in Frameworks */ = {isa = PBXBuildFile; fileRef = 6FC6E0441EE9B42800B4AFCC /* iflyMSC.framework */; };
		6FC6E0471EE9B45500B4AFCC /* libz.tbd in Frameworks */ = {isa = PBXBuildFile; fileRef = 6FC6E0461EE9B45500B4AFCC /* libz.tbd */; };
		6FC6E0491EE9B45E00B4AFCC /* AVFoundation.framework in Frameworks */ = {isa = PBXBuildFile; fileRef = 6FC6E0481EE9B45E00B4AFCC /* AVFoundation.framework */; };
		6FC6E04B1EE9B46800B4AFCC /* SystemConfiguration.framework in Frameworks */ = {isa = PBXBuildFile; fileRef = 6FC6E04A1EE9B46800B4AFCC /* SystemConfiguration.framework */; };
		6FC6E04D1EE9B47600B4AFCC /* AudioToolbox.framework in Frameworks */ = {isa = PBXBuildFile; fileRef = 6FC6E04C1EE9B47600B4AFCC /* AudioToolbox.framework */; };
		6FC6E04F1EE9B48100B4AFCC /* CoreLocation.framework in Frameworks */ = {isa = PBXBuildFile; fileRef = 6FC6E04E1EE9B48100B4AFCC /* CoreLocation.framework */; };
		6FC6E0501EE9B56400B4AFCC /* iflyMSC.framework in Embed Frameworks */ = {isa = PBXBuildFile; fileRef = 6FC6E0441EE9B42800B4AFCC /* iflyMSC.framework */; settings = {ATTRIBUTES = (CodeSignOnCopy, RemoveHeadersOnCopy, ); }; };
		6FC6E0531EE9B79500B4AFCC /* VoiceCommandDef.abnf in Resources */ = {isa = PBXBuildFile; fileRef = 6FC6E0521EE9B79500B4AFCC /* VoiceCommandDef.abnf */; };
/* End PBXBuildFile section */

/* Begin PBXContainerItemProxy section */
		6F6FB3791EE8E413007545A8 /* PBXContainerItemProxy */ = {
			isa = PBXContainerItemProxy;
			containerPortal = 6F6FB36F1EE8E413007545A8 /* AEXML.xcodeproj */;
			proxyType = 2;
			remoteGlobalIDString = 8B4A92791BDD47210011F36F;
			remoteInfo = "AEXML iOS";
		};
		6F6FB37B1EE8E413007545A8 /* PBXContainerItemProxy */ = {
			isa = PBXContainerItemProxy;
			containerPortal = 6F6FB36F1EE8E413007545A8 /* AEXML.xcodeproj */;
			proxyType = 2;
			remoteGlobalIDString = 8B4A92DF1BDD5D330011F36F;
			remoteInfo = "AEXML watchOS";
		};
		6F6FB37D1EE8E413007545A8 /* PBXContainerItemProxy */ = {
			isa = PBXContainerItemProxy;
			containerPortal = 6F6FB36F1EE8E413007545A8 /* AEXML.xcodeproj */;
			proxyType = 2;
			remoteGlobalIDString = 8B4A92991BDD4CEF0011F36F;
			remoteInfo = "AEXML iOS Tests";
		};
		6F6FB37F1EE8E413007545A8 /* PBXContainerItemProxy */ = {
			isa = PBXContainerItemProxy;
			containerPortal = 6F6FB36F1EE8E413007545A8 /* AEXML.xcodeproj */;
			proxyType = 2;
			remoteGlobalIDString = 8B4A92BE1BDD5B300011F36F;
			remoteInfo = "AEXML tvOS";
		};
		6F6FB3811EE8E413007545A8 /* PBXContainerItemProxy */ = {
			isa = PBXContainerItemProxy;
			containerPortal = 6F6FB36F1EE8E413007545A8 /* AEXML.xcodeproj */;
			proxyType = 2;
			remoteGlobalIDString = 8B4A92CC1BDD5BB20011F36F;
			remoteInfo = "AEXML tvOS Tests";
		};
		6F6FB3831EE8E413007545A8 /* PBXContainerItemProxy */ = {
			isa = PBXContainerItemProxy;
			containerPortal = 6F6FB36F1EE8E413007545A8 /* AEXML.xcodeproj */;
			proxyType = 2;
			remoteGlobalIDString = 8B4A928A1BDD49390011F36F;
			remoteInfo = "AEXML OSX";
		};
		6F6FB3851EE8E413007545A8 /* PBXContainerItemProxy */ = {
			isa = PBXContainerItemProxy;
			containerPortal = 6F6FB36F1EE8E413007545A8 /* AEXML.xcodeproj */;
			proxyType = 2;
			remoteGlobalIDString = 8B4A92AB1BDD54F50011F36F;
			remoteInfo = "AEXML OSX Tests";
		};
		6F74DAC71EDEED9B003A6B23 /* PBXContainerItemProxy */ = {
			isa = PBXContainerItemProxy;
			containerPortal = 6F74DAA71EDEED9A003A6B23 /* Project object */;
			proxyType = 1;
			remoteGlobalIDString = 6F74DAAE1EDEED9B003A6B23;
			remoteInfo = RobotControl_iOS;
		};
		6F85473A1EEA426A008E6D3B /* PBXContainerItemProxy */ = {
			isa = PBXContainerItemProxy;
			containerPortal = 6F6FB36F1EE8E413007545A8 /* AEXML.xcodeproj */;
			proxyType = 1;
			remoteGlobalIDString = 8B4A92781BDD47210011F36F;
			remoteInfo = "AEXML iOS";
		};
/* End PBXContainerItemProxy section */

/* Begin PBXCopyFilesBuildPhase section */
		6F8603DD1EDEF44000AA4507 /* Embed Frameworks */ = {
			isa = PBXCopyFilesBuildPhase;
			buildActionMask = 8;
			dstPath = "";
			dstSubfolderSpec = 10;
			files = (
				6FC6E0501EE9B56400B4AFCC /* iflyMSC.framework in Embed Frameworks */,
			);
			name = "Embed Frameworks";
			runOnlyForDeploymentPostprocessing = 1;
		};
/* End PBXCopyFilesBuildPhase section */

/* Begin PBXFileReference section */
		6F1662511EE5A3CA00F221E0 /* BlocklyViewController.swift */ = {isa = PBXFileReference; fileEncoding = 4; lastKnownFileType = sourcecode.swift; name = BlocklyViewController.swift; path = RobotControl_iOS/BlocklyViewController/BlocklyViewController.swift; sourceTree = SOURCE_ROOT; };
		6F1662761EE5BB3900F221E0 /* Block.swift */ = {isa = PBXFileReference; fileEncoding = 4; lastKnownFileType = sourcecode.swift; path = Block.swift; sourceTree = "<group>"; };
		6F1662771EE5BB3900F221E0 /* BlockBuilder.swift */ = {isa = PBXFileReference; fileEncoding = 4; lastKnownFileType = sourcecode.swift; path = BlockBuilder.swift; sourceTree = "<group>"; };
		6F1662781EE5BB3900F221E0 /* BlockGroup.swift */ = {isa = PBXFileReference; fileEncoding = 4; lastKnownFileType = sourcecode.swift; path = BlockGroup.swift; sourceTree = "<group>"; };
		6F1662791EE5BB3900F221E0 /* Connection.swift */ = {isa = PBXFileReference; fileEncoding = 4; lastKnownFileType = sourcecode.swift; path = Connection.swift; sourceTree = "<group>"; };
		6F16627A1EE5BB3900F221E0 /* ConnectionManager.swift */ = {isa = PBXFileReference; fileEncoding = 4; lastKnownFileType = sourcecode.swift; path = ConnectionManager.swift; sourceTree = "<group>"; };
		6F16627B1EE5BB3900F221E0 /* Field.swift */ = {isa = PBXFileReference; fileEncoding = 4; lastKnownFileType = sourcecode.swift; path = Field.swift; sourceTree = "<group>"; };
		6F16627C1EE5BB3900F221E0 /* FieldLabel.swift */ = {isa = PBXFileReference; fileEncoding = 4; lastKnownFileType = sourcecode.swift; path = FieldLabel.swift; sourceTree = "<group>"; };
		6F16627D1EE5BB3900F221E0 /* Workspace.swift */ = {isa = PBXFileReference; fileEncoding = 4; lastKnownFileType = sourcecode.swift; path = Workspace.swift; sourceTree = "<group>"; };
		6F16628D1EE5C36F00F221E0 /* Input.swift */ = {isa = PBXFileReference; fileEncoding = 4; lastKnownFileType = sourcecode.swift; path = Input.swift; sourceTree = "<group>"; };
		6F16629B1EE6483600F221E0 /* LayoutConfig.swift */ = {isa = PBXFileReference; fileEncoding = 4; lastKnownFileType = sourcecode.swift; path = LayoutConfig.swift; sourceTree = "<group>"; };
		6F1662B91EE64F0400F221E0 /* BlockView.swift */ = {isa = PBXFileReference; fileEncoding = 4; lastKnownFileType = sourcecode.swift; path = BlockView.swift; sourceTree = "<group>"; };
		6F1662BB1EE64F0400F221E0 /* DefaultBlockView.swift */ = {isa = PBXFileReference; fileEncoding = 4; lastKnownFileType = sourcecode.swift; path = DefaultBlockView.swift; sourceTree = "<group>"; };
		6F1662BC1EE64F0400F221E0 /* FieldLabelView.swift */ = {isa = PBXFileReference; fileEncoding = 4; lastKnownFileType = sourcecode.swift; path = FieldLabelView.swift; sourceTree = "<group>"; };
		6F1662BD1EE64F0400F221E0 /* FieldView.swift */ = {isa = PBXFileReference; fileEncoding = 4; lastKnownFileType = sourcecode.swift; path = FieldView.swift; sourceTree = "<group>"; };
		6F1662BE1EE64F0400F221E0 /* InputView.swift */ = {isa = PBXFileReference; fileEncoding = 4; lastKnownFileType = sourcecode.swift; path = InputView.swift; sourceTree = "<group>"; };
		6F1662BF1EE64F0400F221E0 /* LayoutView.swift */ = {isa = PBXFileReference; fileEncoding = 4; lastKnownFileType = sourcecode.swift; path = LayoutView.swift; sourceTree = "<group>"; };
		6F1662C01EE64F0400F221E0 /* ViewBuilder.swift */ = {isa = PBXFileReference; fileEncoding = 4; lastKnownFileType = sourcecode.swift; path = ViewBuilder.swift; sourceTree = "<group>"; };
		6F1662C11EE64F0400F221E0 /* WorkspaceView.swift */ = {isa = PBXFileReference; fileEncoding = 4; lastKnownFileType = sourcecode.swift; path = WorkspaceView.swift; sourceTree = "<group>"; };
		6F1662CB1EE64F1A00F221E0 /* BlockBezierPath.swift */ = {isa = PBXFileReference; fileEncoding = 4; lastKnownFileType = sourcecode.swift; path = BlockBezierPath.swift; sourceTree = "<group>"; };
		6F1662CD1EE650EC00F221E0 /* PathHelper.swift */ = {isa = PBXFileReference; fileEncoding = 4; lastKnownFileType = sourcecode.swift; path = PathHelper.swift; sourceTree = "<group>"; };
		6F1E91331EE59ED100E972E9 /* ConnectionManagerTest.swift */ = {isa = PBXFileReference; fileEncoding = 4; lastKnownFileType = sourcecode.swift; name = ConnectionManagerTest.swift; path = VisualProgramming/ConnectionManagerTest.swift; sourceTree = "<group>"; };
		6F1E91371EE59F0A00E972E9 /* XCTest.framework */ = {isa = PBXFileReference; lastKnownFileType = wrapper.framework; name = XCTest.framework; path = Platforms/iPhoneOS.platform/Developer/Library/Frameworks/XCTest.framework; sourceTree = DEVELOPER_DIR; };
		6F4797F51EEA773100FB9D53 /* RoutePlanView.swift */ = {isa = PBXFileReference; fileEncoding = 4; lastKnownFileType = sourcecode.swift; path = RoutePlanView.swift; sourceTree = "<group>"; };
		6F4797F71EEA7A2100FB9D53 /* RoutePlanViewController.swift */ = {isa = PBXFileReference; fileEncoding = 4; lastKnownFileType = sourcecode.swift; path = RoutePlanViewController.swift; sourceTree = "<group>"; wrapsLines = 0; };
		6F4797F91EEA8A6000FB9D53 /* RobotControl_iOS.entitlements */ = {isa = PBXFileReference; lastKnownFileType = text.plist.entitlements; path = RobotControl_iOS.entitlements; sourceTree = "<group>"; };
		6F6FB33A1EE6B066007545A8 /* ViewManager.swift */ = {isa = PBXFileReference; fileEncoding = 4; lastKnownFileType = sourcecode.swift; path = ViewManager.swift; sourceTree = "<group>"; };
		6F6FB3471EE7BFF1007545A8 /* VariableManager.swift */ = {isa = PBXFileReference; fileEncoding = 4; lastKnownFileType = sourcecode.swift; path = VariableManager.swift; sourceTree = "<group>"; };
		6F6FB3491EE7C155007545A8 /* FieldVariable.swift */ = {isa = PBXFileReference; fileEncoding = 4; lastKnownFileType = sourcecode.swift; path = FieldVariable.swift; sourceTree = "<group>"; };
		6F6FB34B1EE7C168007545A8 /* FieldVariableView.swift */ = {isa = PBXFileReference; fileEncoding = 4; lastKnownFileType = sourcecode.swift; path = FieldVariableView.swift; sourceTree = "<group>"; };
		6F6FB34D1EE7CB4C007545A8 /* Variable.swift */ = {isa = PBXFileReference; fileEncoding = 4; lastKnownFileType = sourcecode.swift; path = Variable.swift; sourceTree = "<group>"; };
		6F6FB3501EE7D8AE007545A8 /* BlockDef.json */ = {isa = PBXFileReference; fileEncoding = 4; lastKnownFileType = text.json; path = BlockDef.json; sourceTree = "<group>"; };
		6F6FB3531EE7DAD6007545A8 /* Block+JSON.swift */ = {isa = PBXFileReference; fileEncoding = 4; lastKnownFileType = sourcecode.swift; path = "Block+JSON.swift"; sourceTree = "<group>"; };
		6F6FB3551EE7DE19007545A8 /* InputBuilder.swift */ = {isa = PBXFileReference; fileEncoding = 4; lastKnownFileType = sourcecode.swift; path = InputBuilder.swift; sourceTree = "<group>"; };
		6F6FB3571EE7E413007545A8 /* BlockFactory.swift */ = {isa = PBXFileReference; fileEncoding = 4; lastKnownFileType = sourcecode.swift; path = BlockFactory.swift; sourceTree = "<group>"; };
		6F6FB3591EE7E615007545A8 /* BlockFactoryViewController.swift */ = {isa = PBXFileReference; fileEncoding = 4; lastKnownFileType = sourcecode.swift; name = BlockFactoryViewController.swift; path = RobotControl_iOS/BlocklyViewController/BlockFactoryViewController.swift; sourceTree = SOURCE_ROOT; };
		6F6FB35B1EE7ED8E007545A8 /* Toolbox.swift */ = {isa = PBXFileReference; fileEncoding = 4; lastKnownFileType = sourcecode.swift; path = Toolbox.swift; sourceTree = "<group>"; };
		6F6FB35D1EE7EEF1007545A8 /* ToolboxView.swift */ = {isa = PBXFileReference; fileEncoding = 4; lastKnownFileType = sourcecode.swift; path = ToolboxView.swift; sourceTree = "<group>"; };
		6F6FB35F1EE7F2BC007545A8 /* BlockToolboxViewController.swift */ = {isa = PBXFileReference; fileEncoding = 4; lastKnownFileType = sourcecode.swift; name = BlockToolboxViewController.swift; path = RobotControl_iOS/VisualProgramming/UI/View/BlockToolboxViewController.swift; sourceTree = SOURCE_ROOT; };
		6F6FB3611EE84A5C007545A8 /* BlockCompileDef.json */ = {isa = PBXFileReference; fileEncoding = 4; lastKnownFileType = text.json; path = BlockCompileDef.json; sourceTree = "<group>"; };
		6F6FB3631EE84D30007545A8 /* Compiler.swift */ = {isa = PBXFileReference; fileEncoding = 4; lastKnownFileType = sourcecode.swift; path = Compiler.swift; sourceTree = "<group>"; };
		6F6FB3671EE859B0007545A8 /* BlocklyCompilerViewController.swift */ = {isa = PBXFileReference; fileEncoding = 4; lastKnownFileType = sourcecode.swift; name = BlocklyCompilerViewController.swift; path = RobotControl_iOS/BlocklyViewController/BlocklyCompilerViewController.swift; sourceTree = SOURCE_ROOT; };
		6F6FB36F1EE8E413007545A8 /* AEXML.xcodeproj */ = {isa = PBXFileReference; lastKnownFileType = "wrapper.pb-project"; name = AEXML.xcodeproj; path = AEXML/AEXML.xcodeproj; sourceTree = "<group>"; };
		6F6FB3881EE8E7C0007545A8 /* WorkspaceSerializer.swift */ = {isa = PBXFileReference; fileEncoding = 4; lastKnownFileType = sourcecode.swift; path = WorkspaceSerializer.swift; sourceTree = "<group>"; };
		6F6FB38A1EE8EF13007545A8 /* BlockSerializerViewController.swift */ = {isa = PBXFileReference; fileEncoding = 4; lastKnownFileType = sourcecode.swift; name = BlockSerializerViewController.swift; path = RobotControl_iOS/VisualProgramming/Model/BlockSerializerViewController.swift; sourceTree = SOURCE_ROOT; };
		6F6FB3941EE9321B007545A8 /* UIAlertController+Convenience.swift */ = {isa = PBXFileReference; fileEncoding = 4; lastKnownFileType = sourcecode.swift; path = "UIAlertController+Convenience.swift"; sourceTree = "<group>"; };
		6F6FB3971EE9378E007545A8 /* ProjectManager.swift */ = {isa = PBXFileReference; fileEncoding = 4; lastKnownFileType = sourcecode.swift; path = ProjectManager.swift; sourceTree = "<group>"; };
		6F6FB3991EE93E14007545A8 /* WrapperBox.swift */ = {isa = PBXFileReference; fileEncoding = 4; lastKnownFileType = sourcecode.swift; path = WrapperBox.swift; sourceTree = "<group>"; };
		6F74DAAF1EDEED9B003A6B23 /* RobotControl_iOS.app */ = {isa = PBXFileReference; explicitFileType = wrapper.application; includeInIndex = 0; path = RobotControl_iOS.app; sourceTree = BUILT_PRODUCTS_DIR; };
		6F74DAB21EDEED9B003A6B23 /* AppDelegate.swift */ = {isa = PBXFileReference; lastKnownFileType = sourcecode.swift; path = AppDelegate.swift; sourceTree = "<group>"; };
		6F74DABC1EDEED9B003A6B23 /* Assets.xcassets */ = {isa = PBXFileReference; lastKnownFileType = folder.assetcatalog; path = Assets.xcassets; sourceTree = "<group>"; };
		6F74DABF1EDEED9B003A6B23 /* Base */ = {isa = PBXFileReference; lastKnownFileType = file.storyboard; name = Base; path = Base.lproj/LaunchScreen.storyboard; sourceTree = "<group>"; };
		6F74DAC11EDEED9B003A6B23 /* Info.plist */ = {isa = PBXFileReference; lastKnownFileType = text.plist.xml; path = Info.plist; sourceTree = "<group>"; };
		6F74DAC61EDEED9B003A6B23 /* RobotControl_iOSTests.xctest */ = {isa = PBXFileReference; explicitFileType = wrapper.cfbundle; includeInIndex = 0; path = RobotControl_iOSTests.xctest; sourceTree = BUILT_PRODUCTS_DIR; };
		6F74DACA1EDEED9B003A6B23 /* RobotControl_iOSTests.swift */ = {isa = PBXFileReference; lastKnownFileType = sourcecode.swift; path = RobotControl_iOSTests.swift; sourceTree = "<group>"; };
		6F74DACC1EDEED9B003A6B23 /* Info.plist */ = {isa = PBXFileReference; lastKnownFileType = text.plist.xml; path = Info.plist; sourceTree = "<group>"; };
		6F74DAD51EDEEDE0003A6B23 /* DemoPickerViewController.swift */ = {isa = PBXFileReference; fileEncoding = 4; lastKnownFileType = sourcecode.swift; path = DemoPickerViewController.swift; sourceTree = "<group>"; };
		6F8547291EEA2EBA008E6D3B /* VoiceControlViewController.swift */ = {isa = PBXFileReference; fileEncoding = 4; lastKnownFileType = sourcecode.swift; path = VoiceControlViewController.swift; sourceTree = "<group>"; };
		6F8547321EEA3508008E6D3B /* VoiceCommandCompileDef.json */ = {isa = PBXFileReference; fileEncoding = 4; lastKnownFileType = text.json; path = VoiceCommandCompileDef.json; sourceTree = "<group>"; };
		6F8547341EEA41C6008E6D3B /* CoreTelephony.framework */ = {isa = PBXFileReference; lastKnownFileType = wrapper.framework; name = CoreTelephony.framework; path = System/Library/Frameworks/CoreTelephony.framework; sourceTree = SDKROOT; };
		6F8547361EEA41DA008E6D3B /* Contacts.framework */ = {isa = PBXFileReference; lastKnownFileType = wrapper.framework; name = Contacts.framework; path = System/Library/Frameworks/Contacts.framework; sourceTree = SDKROOT; };
		6F8547381EEA41E2008E6D3B /* AddressBook.framework */ = {isa = PBXFileReference; lastKnownFileType = wrapper.framework; name = AddressBook.framework; path = System/Library/Frameworks/AddressBook.framework; sourceTree = SDKROOT; };
		6F8603E51EDEF72D00AA4507 /* UIView + AutoLayout.swift */ = {isa = PBXFileReference; fileEncoding = 4; lastKnownFileType = sourcecode.swift; path = "UIView + AutoLayout.swift"; sourceTree = "<group>"; };
		6FC6E0291EE9786700B4AFCC /* BluetoothManager.swift */ = {isa = PBXFileReference; fileEncoding = 4; lastKnownFileType = sourcecode.swift; path = BluetoothManager.swift; sourceTree = "<group>"; };
		6FC6E02A1EE9786700B4AFCC /* RobotManager.swift */ = {isa = PBXFileReference; fileEncoding = 4; lastKnownFileType = sourcecode.swift; path = RobotManager.swift; sourceTree = "<group>"; };
		6FC6E0351EE97C4A00B4AFCC /* RemoteControl.swift */ = {isa = PBXFileReference; fileEncoding = 4; lastKnownFileType = sourcecode.swift; path = RemoteControl.swift; sourceTree = "<group>"; };
		6FC6E0371EE97E0700B4AFCC /* RemoteControlViewController.swift */ = {isa = PBXFileReference; fileEncoding = 4; lastKnownFileType = sourcecode.swift; path = RemoteControlViewController.swift; sourceTree = "<group>"; };
		6FC6E0391EE97E3800B4AFCC /* RemoteControlView.swift */ = {isa = PBXFileReference; fileEncoding = 4; lastKnownFileType = sourcecode.swift; path = RemoteControlView.swift; sourceTree = "<group>"; };
		6FC6E0401EE9B25400B4AFCC /* VoiceControl.swift */ = {isa = PBXFileReference; fileEncoding = 4; lastKnownFileType = sourcecode.swift; path = VoiceControl.swift; sourceTree = "<group>"; };
		6FC6E0421EE9B31500B4AFCC /* VoiceRecognizerAdapter.swift */ = {isa = PBXFileReference; fileEncoding = 4; lastKnownFileType = sourcecode.swift; path = VoiceRecognizerAdapter.swift; sourceTree = "<group>"; };
		6FC6E0441EE9B42800B4AFCC /* iflyMSC.framework */ = {isa = PBXFileReference; lastKnownFileType = wrapper.framework; path = iflyMSC.framework; sourceTree = "<group>"; };
		6FC6E0461EE9B45500B4AFCC /* libz.tbd */ = {isa = PBXFileReference; lastKnownFileType = "sourcecode.text-based-dylib-definition"; name = libz.tbd; path = usr/lib/libz.tbd; sourceTree = SDKROOT; };
		6FC6E0481EE9B45E00B4AFCC /* AVFoundation.framework */ = {isa = PBXFileReference; lastKnownFileType = wrapper.framework; name = AVFoundation.framework; path = System/Library/Frameworks/AVFoundation.framework; sourceTree = SDKROOT; };
		6FC6E04A1EE9B46800B4AFCC /* SystemConfiguration.framework */ = {isa = PBXFileReference; lastKnownFileType = wrapper.framework; name = SystemConfiguration.framework; path = System/Library/Frameworks/SystemConfiguration.framework; sourceTree = SDKROOT; };
		6FC6E04C1EE9B47600B4AFCC /* AudioToolbox.framework */ = {isa = PBXFileReference; lastKnownFileType = wrapper.framework; name = AudioToolbox.framework; path = System/Library/Frameworks/AudioToolbox.framework; sourceTree = SDKROOT; };
		6FC6E04E1EE9B48100B4AFCC /* CoreLocation.framework */ = {isa = PBXFileReference; lastKnownFileType = wrapper.framework; name = CoreLocation.framework; path = System/Library/Frameworks/CoreLocation.framework; sourceTree = SDKROOT; };
		6FC6E0511EE9B5D900B4AFCC /* RobotControl_iOS-Bridging-Header.h */ = {isa = PBXFileReference; lastKnownFileType = sourcecode.c.h; path = "RobotControl_iOS-Bridging-Header.h"; sourceTree = "<group>"; };
		6FC6E0521EE9B79500B4AFCC /* VoiceCommandDef.abnf */ = {isa = PBXFileReference; fileEncoding = 4; lastKnownFileType = text; path = VoiceCommandDef.abnf; sourceTree = "<group>"; };
/* End PBXFileReference section */

/* Begin PBXFrameworksBuildPhase section */
		6F74DAAC1EDEED9B003A6B23 /* Frameworks */ = {
			isa = PBXFrameworksBuildPhase;
			buildActionMask = 2147483647;
			files = (
				6F4797F31EEA483200FB9D53 /* AEXML.framework in Frameworks */,
				6F8547391EEA41E2008E6D3B /* AddressBook.framework in Frameworks */,
				6F8547371EEA41DA008E6D3B /* Contacts.framework in Frameworks */,
				6F8547351EEA41C6008E6D3B /* CoreTelephony.framework in Frameworks */,
				6FC6E04F1EE9B48100B4AFCC /* CoreLocation.framework in Frameworks */,
				6FC6E04D1EE9B47600B4AFCC /* AudioToolbox.framework in Frameworks */,
				6FC6E04B1EE9B46800B4AFCC /* SystemConfiguration.framework in Frameworks */,
				6FC6E0491EE9B45E00B4AFCC /* AVFoundation.framework in Frameworks */,
				6FC6E0471EE9B45500B4AFCC /* libz.tbd in Frameworks */,
				6FC6E0451EE9B42800B4AFCC /* iflyMSC.framework in Frameworks */,
			);
			runOnlyForDeploymentPostprocessing = 0;
		};
		6F74DAC31EDEED9B003A6B23 /* Frameworks */ = {
			isa = PBXFrameworksBuildPhase;
			buildActionMask = 2147483647;
			files = (
				6F6FB3871EE8E41C007545A8 /* AEXML.framework in Frameworks */,
				6F1E91391EE59F2D00E972E9 /* XCTest.framework in Frameworks */,
			);
			runOnlyForDeploymentPostprocessing = 0;
		};
/* End PBXFrameworksBuildPhase section */

/* Begin PBXGroup section */
		6F1662751EE5BB3900F221E0 /* Model */ = {
			isa = PBXGroup;
			children = (
				6F6FB3521EE7DABE007545A8 /* JSON */,
				6F1662761EE5BB3900F221E0 /* Block.swift */,
				6F1662771EE5BB3900F221E0 /* BlockBuilder.swift */,
				6F6FB3551EE7DE19007545A8 /* InputBuilder.swift */,
				6F1662781EE5BB3900F221E0 /* BlockGroup.swift */,
				6F1662791EE5BB3900F221E0 /* Connection.swift */,
				6F16627A1EE5BB3900F221E0 /* ConnectionManager.swift */,
				6F16627B1EE5BB3900F221E0 /* Field.swift */,
				6F16627C1EE5BB3900F221E0 /* FieldLabel.swift */,
				6F16627D1EE5BB3900F221E0 /* Workspace.swift */,
				6F16628D1EE5C36F00F221E0 /* Input.swift */,
				6F6FB3471EE7BFF1007545A8 /* VariableManager.swift */,
				6F6FB3491EE7C155007545A8 /* FieldVariable.swift */,
				6F6FB34D1EE7CB4C007545A8 /* Variable.swift */,
				6F6FB3571EE7E413007545A8 /* BlockFactory.swift */,
				6F6FB35B1EE7ED8E007545A8 /* Toolbox.swift */,
				6F6FB3631EE84D30007545A8 /* Compiler.swift */,
				6F6FB3881EE8E7C0007545A8 /* WorkspaceSerializer.swift */,
			);
			name = Model;
			path = VisualProgramming/Model;
			sourceTree = "<group>";
		};
		6F16629A1EE6482B00F221E0 /* Layout */ = {
			isa = PBXGroup;
			children = (
				6F16629B1EE6483600F221E0 /* LayoutConfig.swift */,
			);
			name = Layout;
			path = VisualProgramming/Layout;
			sourceTree = "<group>";
		};
		6F1662B61EE64F0400F221E0 /* UI */ = {
			isa = PBXGroup;
			children = (
				6F1662CB1EE64F1A00F221E0 /* BlockBezierPath.swift */,
				6F1662B71EE64F0400F221E0 /* View */,
				6F1662CD1EE650EC00F221E0 /* PathHelper.swift */,
				6F6FB33A1EE6B066007545A8 /* ViewManager.swift */,
			);
			name = UI;
			path = VisualProgramming/UI;
			sourceTree = "<group>";
		};
		6F1662B71EE64F0400F221E0 /* View */ = {
			isa = PBXGroup;
			children = (
				6F1662BA1EE64F0400F221E0 /* Default */,
				6F1662B91EE64F0400F221E0 /* BlockView.swift */,
				6F1662BC1EE64F0400F221E0 /* FieldLabelView.swift */,
				6F1662BD1EE64F0400F221E0 /* FieldView.swift */,
				6F1662BE1EE64F0400F221E0 /* InputView.swift */,
				6F1662BF1EE64F0400F221E0 /* LayoutView.swift */,
				6F1662C01EE64F0400F221E0 /* ViewBuilder.swift */,
				6F1662C11EE64F0400F221E0 /* WorkspaceView.swift */,
				6F6FB34B1EE7C168007545A8 /* FieldVariableView.swift */,
				6F6FB35D1EE7EEF1007545A8 /* ToolboxView.swift */,
			);
			path = View;
			sourceTree = "<group>";
		};
		6F1662BA1EE64F0400F221E0 /* Default */ = {
			isa = PBXGroup;
			children = (
				6F1662BB1EE64F0400F221E0 /* DefaultBlockView.swift */,
			);
			path = Default;
			sourceTree = "<group>";
		};
		6F1E911A1EE54F4E00E972E9 /* VisualProgramming */ = {
			isa = PBXGroup;
			children = (
				6F6FB38C1EE911D1007545A8 /* Common */,
				6F1662751EE5BB3900F221E0 /* Model */,
				6F16629A1EE6482B00F221E0 /* Layout */,
				6F1662B61EE64F0400F221E0 /* UI */,
			);
			name = VisualProgramming;
			sourceTree = "<group>";
		};
		6F1E91321EE59EB700E972E9 /* VisualProgramming */ = {
			isa = PBXGroup;
			children = (
				6F1E91331EE59ED100E972E9 /* ConnectionManagerTest.swift */,
			);
			name = VisualProgramming;
			sourceTree = "<group>";
		};
		6F1E91361EE59F0A00E972E9 /* Frameworks */ = {
			isa = PBXGroup;
			children = (
				6F8547381EEA41E2008E6D3B /* AddressBook.framework */,
				6F8547361EEA41DA008E6D3B /* Contacts.framework */,
				6F8547341EEA41C6008E6D3B /* CoreTelephony.framework */,
				6FC6E04E1EE9B48100B4AFCC /* CoreLocation.framework */,
				6FC6E04C1EE9B47600B4AFCC /* AudioToolbox.framework */,
				6FC6E04A1EE9B46800B4AFCC /* SystemConfiguration.framework */,
				6FC6E0481EE9B45E00B4AFCC /* AVFoundation.framework */,
				6FC6E0461EE9B45500B4AFCC /* libz.tbd */,
				6FC6E0441EE9B42800B4AFCC /* iflyMSC.framework */,
				6F1E91371EE59F0A00E972E9 /* XCTest.framework */,
			);
			name = Frameworks;
			sourceTree = "<group>";
		};
		6F4797F41EEA772100FB9D53 /* RoutePlan */ = {
			isa = PBXGroup;
			children = (
				6F4797F51EEA773100FB9D53 /* RoutePlanView.swift */,
				6F4797F71EEA7A2100FB9D53 /* RoutePlanViewController.swift */,
			);
			path = RoutePlan;
			sourceTree = "<group>";
		};
		6F6FB34F1EE7D89D007545A8 /* Resources */ = {
			isa = PBXGroup;
			children = (
				6F6FB3501EE7D8AE007545A8 /* BlockDef.json */,
				6F6FB3611EE84A5C007545A8 /* BlockCompileDef.json */,
				6FC6E0521EE9B79500B4AFCC /* VoiceCommandDef.abnf */,
				6F8547321EEA3508008E6D3B /* VoiceCommandCompileDef.json */,
			);
			path = Resources;
			sourceTree = "<group>";
		};
		6F6FB3521EE7DABE007545A8 /* JSON */ = {
			isa = PBXGroup;
			children = (
				6F6FB3531EE7DAD6007545A8 /* Block+JSON.swift */,
			);
			path = JSON;
			sourceTree = "<group>";
		};
		6F6FB3701EE8E413007545A8 /* Products */ = {
			isa = PBXGroup;
			children = (
				6F6FB37A1EE8E413007545A8 /* AEXML.framework */,
				6F6FB37C1EE8E413007545A8 /* AEXML.framework */,
				6F6FB37E1EE8E413007545A8 /* AEXML iOS Tests.xctest */,
				6F6FB3801EE8E413007545A8 /* AEXML.framework */,
				6F6FB3821EE8E413007545A8 /* AEXML tvOS Tests.xctest */,
				6F6FB3841EE8E413007545A8 /* AEXML.framework */,
				6F6FB3861EE8E413007545A8 /* AEXML OSX Tests.xctest */,
			);
			name = Products;
			sourceTree = "<group>";
		};
		6F6FB38C1EE911D1007545A8 /* Common */ = {
			isa = PBXGroup;
			children = (
			);
			name = Common;
			path = VisualProgramming/Common;
			sourceTree = "<group>";
		};
		6F6FB38D1EE9160B007545A8 /* RobotManager */ = {
			isa = PBXGroup;
			children = (
				6FC6E0291EE9786700B4AFCC /* BluetoothManager.swift */,
				6FC6E02A1EE9786700B4AFCC /* RobotManager.swift */,
			);
			path = RobotManager;
			sourceTree = "<group>";
		};
		6F6FB3961EE9378E007545A8 /* Common */ = {
			isa = PBXGroup;
			children = (
				6F6FB3971EE9378E007545A8 /* ProjectManager.swift */,
			);
			path = Common;
			sourceTree = "<group>";
		};
		6F74DAA61EDEED9A003A6B23 = {
			isa = PBXGroup;
			children = (
				6F74DAB11EDEED9B003A6B23 /* RobotControl_iOS */,
				6F74DAC91EDEED9B003A6B23 /* RobotControl_iOSTests */,
				6F74DAB01EDEED9B003A6B23 /* Products */,
				6F1E91361EE59F0A00E972E9 /* Frameworks */,
				6F6FB36F1EE8E413007545A8 /* AEXML.xcodeproj */,
			);
			sourceTree = "<group>";
		};
		6F74DAB01EDEED9B003A6B23 /* Products */ = {
			isa = PBXGroup;
			children = (
				6F74DAAF1EDEED9B003A6B23 /* RobotControl_iOS.app */,
				6F74DAC61EDEED9B003A6B23 /* RobotControl_iOSTests.xctest */,
			);
			name = Products;
			sourceTree = "<group>";
		};
		6F74DAB11EDEED9B003A6B23 /* RobotControl_iOS */ = {
			isa = PBXGroup;
			children = (
				6F4797F91EEA8A6000FB9D53 /* RobotControl_iOS.entitlements */,
				6F6FB3961EE9378E007545A8 /* Common */,
				6F8603E71EDEF73F00AA4507 /* BlocklyViewController */,
				6F6FB38D1EE9160B007545A8 /* RobotManager */,
				6FC6E0341EE97C4000B4AFCC /* RemoteControl */,
				6FC6E03F1EE9B24700B4AFCC /* VoiceControl */,
				6F4797F41EEA772100FB9D53 /* RoutePlan */,
				6F1E911A1EE54F4E00E972E9 /* VisualProgramming */,
				6F74DAB21EDEED9B003A6B23 /* AppDelegate.swift */,
				6F74DAD51EDEEDE0003A6B23 /* DemoPickerViewController.swift */,
				6F8603E41EDEF72D00AA4507 /* Utils */,
				6F74DABC1EDEED9B003A6B23 /* Assets.xcassets */,
				6F6FB34F1EE7D89D007545A8 /* Resources */,
				6F74DABE1EDEED9B003A6B23 /* LaunchScreen.storyboard */,
				6F74DAC11EDEED9B003A6B23 /* Info.plist */,
				6FC6E0511EE9B5D900B4AFCC /* RobotControl_iOS-Bridging-Header.h */,
			);
			path = RobotControl_iOS;
			sourceTree = "<group>";
		};
		6F74DAC91EDEED9B003A6B23 /* RobotControl_iOSTests */ = {
			isa = PBXGroup;
			children = (
				6F1E91321EE59EB700E972E9 /* VisualProgramming */,
				6F74DACA1EDEED9B003A6B23 /* RobotControl_iOSTests.swift */,
				6F74DACC1EDEED9B003A6B23 /* Info.plist */,
			);
			path = RobotControl_iOSTests;
			sourceTree = "<group>";
		};
		6F8603E41EDEF72D00AA4507 /* Utils */ = {
			isa = PBXGroup;
			children = (
				6F8603E51EDEF72D00AA4507 /* UIView + AutoLayout.swift */,
				6F6FB3941EE9321B007545A8 /* UIAlertController+Convenience.swift */,
				6F6FB3991EE93E14007545A8 /* WrapperBox.swift */,
			);
			path = Utils;
			sourceTree = "<group>";
		};
		6F8603E71EDEF73F00AA4507 /* BlocklyViewController */ = {
			isa = PBXGroup;
			children = (
				6F1662511EE5A3CA00F221E0 /* BlocklyViewController.swift */,
				6F6FB3591EE7E615007545A8 /* BlockFactoryViewController.swift */,
				6F6FB35F1EE7F2BC007545A8 /* BlockToolboxViewController.swift */,
				6F6FB3671EE859B0007545A8 /* BlocklyCompilerViewController.swift */,
				6F6FB38A1EE8EF13007545A8 /* BlockSerializerViewController.swift */,
			);
			name = BlocklyViewController;
			path = BloclyViewController;
			sourceTree = "<group>";
		};
		6FC6E0341EE97C4000B4AFCC /* RemoteControl */ = {
			isa = PBXGroup;
			children = (
				6FC6E0351EE97C4A00B4AFCC /* RemoteControl.swift */,
				6FC6E0371EE97E0700B4AFCC /* RemoteControlViewController.swift */,
				6FC6E0391EE97E3800B4AFCC /* RemoteControlView.swift */,
			);
			path = RemoteControl;
			sourceTree = "<group>";
		};
		6FC6E03F1EE9B24700B4AFCC /* VoiceControl */ = {
			isa = PBXGroup;
			children = (
				6FC6E0401EE9B25400B4AFCC /* VoiceControl.swift */,
				6FC6E0421EE9B31500B4AFCC /* VoiceRecognizerAdapter.swift */,
				6F8547291EEA2EBA008E6D3B /* VoiceControlViewController.swift */,
			);
			path = VoiceControl;
			sourceTree = "<group>";
		};
/* End PBXGroup section */

/* Begin PBXNativeTarget section */
		6F74DAAE1EDEED9B003A6B23 /* RobotControl_iOS */ = {
			isa = PBXNativeTarget;
			buildConfigurationList = 6F74DACF1EDEED9B003A6B23 /* Build configuration list for PBXNativeTarget "RobotControl_iOS" */;
			buildPhases = (
				6F74DAAB1EDEED9B003A6B23 /* Sources */,
				6F74DAAC1EDEED9B003A6B23 /* Frameworks */,
				6F74DAAD1EDEED9B003A6B23 /* Resources */,
				6F8603DD1EDEF44000AA4507 /* Embed Frameworks */,
			);
			buildRules = (
			);
			dependencies = (
				6F85473B1EEA426A008E6D3B /* PBXTargetDependency */,
			);
			name = RobotControl_iOS;
			productName = RobotControl_iOS;
			productReference = 6F74DAAF1EDEED9B003A6B23 /* RobotControl_iOS.app */;
			productType = "com.apple.product-type.application";
		};
		6F74DAC51EDEED9B003A6B23 /* RobotControl_iOSTests */ = {
			isa = PBXNativeTarget;
			buildConfigurationList = 6F74DAD21EDEED9B003A6B23 /* Build configuration list for PBXNativeTarget "RobotControl_iOSTests" */;
			buildPhases = (
				6F74DAC21EDEED9B003A6B23 /* Sources */,
				6F74DAC31EDEED9B003A6B23 /* Frameworks */,
				6F74DAC41EDEED9B003A6B23 /* Resources */,
			);
			buildRules = (
			);
			dependencies = (
				6F74DAC81EDEED9B003A6B23 /* PBXTargetDependency */,
			);
			name = RobotControl_iOSTests;
			productName = RobotControl_iOSTests;
			productReference = 6F74DAC61EDEED9B003A6B23 /* RobotControl_iOSTests.xctest */;
			productType = "com.apple.product-type.bundle.unit-test";
		};
/* End PBXNativeTarget section */

/* Begin PBXProject section */
		6F74DAA71EDEED9A003A6B23 /* Project object */ = {
			isa = PBXProject;
			attributes = {
				LastSwiftUpdateCheck = 0830;
				LastUpgradeCheck = 0830;
				ORGANIZATIONNAME = Aaron;
				TargetAttributes = {
					6F74DAAE1EDEED9B003A6B23 = {
						CreatedOnToolsVersion = 8.3.2;
						DevelopmentTeam = 73VV5F7YHF;
						ProvisioningStyle = Automatic;
						SystemCapabilities = {
							com.apple.InterAppAudio = {
								enabled = 1;
							};
						};
					};
					6F74DAC51EDEED9B003A6B23 = {
						CreatedOnToolsVersion = 8.3.2;
						ProvisioningStyle = Automatic;
						TestTargetID = 6F74DAAE1EDEED9B003A6B23;
					};
				};
			};
			buildConfigurationList = 6F74DAAA1EDEED9A003A6B23 /* Build configuration list for PBXProject "RobotControl_iOS" */;
			compatibilityVersion = "Xcode 3.2";
			developmentRegion = English;
			hasScannedForEncodings = 0;
			knownRegions = (
				en,
				Base,
			);
			mainGroup = 6F74DAA61EDEED9A003A6B23;
			productRefGroup = 6F74DAB01EDEED9B003A6B23 /* Products */;
			projectDirPath = "";
			projectReferences = (
				{
					ProductGroup = 6F6FB3701EE8E413007545A8 /* Products */;
					ProjectRef = 6F6FB36F1EE8E413007545A8 /* AEXML.xcodeproj */;
				},
			);
			projectRoot = "";
			targets = (
				6F74DAAE1EDEED9B003A6B23 /* RobotControl_iOS */,
				6F74DAC51EDEED9B003A6B23 /* RobotControl_iOSTests */,
			);
		};
/* End PBXProject section */

/* Begin PBXReferenceProxy section */
		6F6FB37A1EE8E413007545A8 /* AEXML.framework */ = {
			isa = PBXReferenceProxy;
			fileType = wrapper.framework;
			path = AEXML.framework;
			remoteRef = 6F6FB3791EE8E413007545A8 /* PBXContainerItemProxy */;
			sourceTree = BUILT_PRODUCTS_DIR;
		};
		6F6FB37C1EE8E413007545A8 /* AEXML.framework */ = {
			isa = PBXReferenceProxy;
			fileType = wrapper.framework;
			path = AEXML.framework;
			remoteRef = 6F6FB37B1EE8E413007545A8 /* PBXContainerItemProxy */;
			sourceTree = BUILT_PRODUCTS_DIR;
		};
		6F6FB37E1EE8E413007545A8 /* AEXML iOS Tests.xctest */ = {
			isa = PBXReferenceProxy;
			fileType = wrapper.cfbundle;
			path = "AEXML iOS Tests.xctest";
			remoteRef = 6F6FB37D1EE8E413007545A8 /* PBXContainerItemProxy */;
			sourceTree = BUILT_PRODUCTS_DIR;
		};
		6F6FB3801EE8E413007545A8 /* AEXML.framework */ = {
			isa = PBXReferenceProxy;
			fileType = wrapper.framework;
			path = AEXML.framework;
			remoteRef = 6F6FB37F1EE8E413007545A8 /* PBXContainerItemProxy */;
			sourceTree = BUILT_PRODUCTS_DIR;
		};
		6F6FB3821EE8E413007545A8 /* AEXML tvOS Tests.xctest */ = {
			isa = PBXReferenceProxy;
			fileType = wrapper.cfbundle;
			path = "AEXML tvOS Tests.xctest";
			remoteRef = 6F6FB3811EE8E413007545A8 /* PBXContainerItemProxy */;
			sourceTree = BUILT_PRODUCTS_DIR;
		};
		6F6FB3841EE8E413007545A8 /* AEXML.framework */ = {
			isa = PBXReferenceProxy;
			fileType = wrapper.framework;
			path = AEXML.framework;
			remoteRef = 6F6FB3831EE8E413007545A8 /* PBXContainerItemProxy */;
			sourceTree = BUILT_PRODUCTS_DIR;
		};
		6F6FB3861EE8E413007545A8 /* AEXML OSX Tests.xctest */ = {
			isa = PBXReferenceProxy;
			fileType = wrapper.cfbundle;
			path = "AEXML OSX Tests.xctest";
			remoteRef = 6F6FB3851EE8E413007545A8 /* PBXContainerItemProxy */;
			sourceTree = BUILT_PRODUCTS_DIR;
		};
/* End PBXReferenceProxy section */

/* Begin PBXResourcesBuildPhase section */
		6F74DAAD1EDEED9B003A6B23 /* Resources */ = {
			isa = PBXResourcesBuildPhase;
			buildActionMask = 2147483647;
			files = (
				6F8547331EEA3508008E6D3B /* VoiceCommandCompileDef.json in Resources */,
				6F6FB3511EE7D8AE007545A8 /* BlockDef.json in Resources */,
				6F74DAC01EDEED9B003A6B23 /* LaunchScreen.storyboard in Resources */,
				6F74DABD1EDEED9B003A6B23 /* Assets.xcassets in Resources */,
				6F6FB3621EE84A5C007545A8 /* BlockCompileDef.json in Resources */,
				6FC6E0531EE9B79500B4AFCC /* VoiceCommandDef.abnf in Resources */,
			);
			runOnlyForDeploymentPostprocessing = 0;
		};
		6F74DAC41EDEED9B003A6B23 /* Resources */ = {
			isa = PBXResourcesBuildPhase;
			buildActionMask = 2147483647;
			files = (
			);
			runOnlyForDeploymentPostprocessing = 0;
		};
/* End PBXResourcesBuildPhase section */

/* Begin PBXSourcesBuildPhase section */
		6F74DAAB1EDEED9B003A6B23 /* Sources */ = {
			isa = PBXSourcesBuildPhase;
			buildActionMask = 2147483647;
			files = (
				6F1662CE1EE650EC00F221E0 /* PathHelper.swift in Sources */,
				6FC6E0411EE9B25400B4AFCC /* VoiceControl.swift in Sources */,
				6F1662CA1EE64F0400F221E0 /* WorkspaceView.swift in Sources */,
				6F1662C31EE64F0400F221E0 /* BlockView.swift in Sources */,
				6F6FB3891EE8E7C0007545A8 /* WorkspaceSerializer.swift in Sources */,
				6F6FB3951EE9321B007545A8 /* UIAlertController+Convenience.swift in Sources */,
				6F4797F81EEA7A2100FB9D53 /* RoutePlanViewController.swift in Sources */,
				6FC6E0361EE97C4A00B4AFCC /* RemoteControl.swift in Sources */,
				6F6FB35C1EE7ED8E007545A8 /* Toolbox.swift in Sources */,
				6F6FB35A1EE7E615007545A8 /* BlockFactoryViewController.swift in Sources */,
				6F1662871EE5BB3900F221E0 /* Field.swift in Sources */,
				6F16629C1EE6483600F221E0 /* LayoutConfig.swift in Sources */,
				6FC6E03A1EE97E3800B4AFCC /* RemoteControlView.swift in Sources */,
				6F1662521EE5A3CA00F221E0 /* BlocklyViewController.swift in Sources */,
				6F1662CC1EE64F1A00F221E0 /* BlockBezierPath.swift in Sources */,
				6FC6E02C1EE9786700B4AFCC /* RobotManager.swift in Sources */,
				6F4797F61EEA773100FB9D53 /* RoutePlanView.swift in Sources */,
				6F74DAB31EDEED9B003A6B23 /* AppDelegate.swift in Sources */,
				6F1662C81EE64F0400F221E0 /* LayoutView.swift in Sources */,
				6F6FB3481EE7BFF1007545A8 /* VariableManager.swift in Sources */,
				6FC6E0431EE9B31500B4AFCC /* VoiceRecognizerAdapter.swift in Sources */,
				6F1662881EE5BB3900F221E0 /* FieldLabel.swift in Sources */,
				6F6FB34C1EE7C168007545A8 /* FieldVariableView.swift in Sources */,
				6F16628E1EE5C36F00F221E0 /* Input.swift in Sources */,
				6F1662C51EE64F0400F221E0 /* FieldLabelView.swift in Sources */,
				6FC6E02B1EE9786700B4AFCC /* BluetoothManager.swift in Sources */,
				6F1662C91EE64F0400F221E0 /* ViewBuilder.swift in Sources */,
				6F6FB38B1EE8EF13007545A8 /* BlockSerializerViewController.swift in Sources */,
				6F6FB3981EE9378E007545A8 /* ProjectManager.swift in Sources */,
				6F6FB3541EE7DAD6007545A8 /* Block+JSON.swift in Sources */,
				6F6FB3581EE7E413007545A8 /* BlockFactory.swift in Sources */,
				6F6FB3641EE84D30007545A8 /* Compiler.swift in Sources */,
				6F6FB3561EE7DE19007545A8 /* InputBuilder.swift in Sources */,
				6F1662841EE5BB3900F221E0 /* BlockGroup.swift in Sources */,
				6F1662851EE5BB3900F221E0 /* Connection.swift in Sources */,
				6F1662861EE5BB3900F221E0 /* ConnectionManager.swift in Sources */,
				6F6FB35E1EE7EEF1007545A8 /* ToolboxView.swift in Sources */,
				6F6FB3601EE7F2BC007545A8 /* BlockToolboxViewController.swift in Sources */,
				6F1662C61EE64F0400F221E0 /* FieldView.swift in Sources */,
				6F1662C41EE64F0400F221E0 /* DefaultBlockView.swift in Sources */,
				6F1662821EE5BB3900F221E0 /* Block.swift in Sources */,
				6F85472A1EEA2EBA008E6D3B /* VoiceControlViewController.swift in Sources */,
				6FC6E0381EE97E0700B4AFCC /* RemoteControlViewController.swift in Sources */,
				6F6FB3681EE859B0007545A8 /* BlocklyCompilerViewController.swift in Sources */,
				6F6FB34E1EE7CB4C007545A8 /* Variable.swift in Sources */,
				6F6FB34A1EE7C155007545A8 /* FieldVariable.swift in Sources */,
				6F1662831EE5BB3900F221E0 /* BlockBuilder.swift in Sources */,
				6F1662891EE5BB3900F221E0 /* Workspace.swift in Sources */,
				6F1662C71EE64F0400F221E0 /* InputView.swift in Sources */,
				6F6FB33B1EE6B066007545A8 /* ViewManager.swift in Sources */,
				6F6FB39A1EE93E14007545A8 /* WrapperBox.swift in Sources */,
				6F74DAD61EDEEDE0003A6B23 /* DemoPickerViewController.swift in Sources */,
				6F8603E61EDEF72D00AA4507 /* UIView + AutoLayout.swift in Sources */,
			);
			runOnlyForDeploymentPostprocessing = 0;
		};
		6F74DAC21EDEED9B003A6B23 /* Sources */ = {
			isa = PBXSourcesBuildPhase;
			buildActionMask = 2147483647;
			files = (
				6F6FB33E1EE6FE1E007545A8 /* Input.swift in Sources */,
				6F6FB33C1EE6FDD6007545A8 /* BlockBuilder.swift in Sources */,
				6F6FB3401EE6FEAF007545A8 /* BlockGroup.swift in Sources */,
				6F6FB3411EE6FEB1007545A8 /* Connection.swift in Sources */,
				6F6FB33D1EE6FDD9007545A8 /* ConnectionManager.swift in Sources */,
				6F6FB3431EE6FEB7007545A8 /* FieldLabel.swift in Sources */,
				6F6FB3421EE6FEB5007545A8 /* Field.swift in Sources */,
				6F6FB33F1EE6FEAD007545A8 /* Block.swift in Sources */,
				6F6FB3461EE6FEBF007545A8 /* BlockBezierPath.swift in Sources */,
				6F74DACB1EDEED9B003A6B23 /* RobotControl_iOSTests.swift in Sources */,
				6F6FB3451EE6FEBD007545A8 /* LayoutConfig.swift in Sources */,
				6F6FB3441EE6FEB9007545A8 /* Workspace.swift in Sources */,
				6F1E91341EE59ED100E972E9 /* ConnectionManagerTest.swift in Sources */,
			);
			runOnlyForDeploymentPostprocessing = 0;
		};
/* End PBXSourcesBuildPhase section */

/* Begin PBXTargetDependency section */
		6F74DAC81EDEED9B003A6B23 /* PBXTargetDependency */ = {
			isa = PBXTargetDependency;
			target = 6F74DAAE1EDEED9B003A6B23 /* RobotControl_iOS */;
			targetProxy = 6F74DAC71EDEED9B003A6B23 /* PBXContainerItemProxy */;
		};
		6F85473B1EEA426A008E6D3B /* PBXTargetDependency */ = {
			isa = PBXTargetDependency;
			name = "AEXML iOS";
			targetProxy = 6F85473A1EEA426A008E6D3B /* PBXContainerItemProxy */;
		};
/* End PBXTargetDependency section */

/* Begin PBXVariantGroup section */
		6F74DABE1EDEED9B003A6B23 /* LaunchScreen.storyboard */ = {
			isa = PBXVariantGroup;
			children = (
				6F74DABF1EDEED9B003A6B23 /* Base */,
			);
			name = LaunchScreen.storyboard;
			sourceTree = "<group>";
		};
/* End PBXVariantGroup section */

/* Begin XCBuildConfiguration section */
		6F74DACD1EDEED9B003A6B23 /* Debug */ = {
			isa = XCBuildConfiguration;
			buildSettings = {
				ALWAYS_SEARCH_USER_PATHS = NO;
				CLANG_ANALYZER_NONNULL = YES;
				CLANG_ANALYZER_NUMBER_OBJECT_CONVERSION = YES_AGGRESSIVE;
				CLANG_CXX_LANGUAGE_STANDARD = "gnu++0x";
				CLANG_CXX_LIBRARY = "libc++";
				CLANG_ENABLE_MODULES = YES;
				CLANG_ENABLE_OBJC_ARC = YES;
				CLANG_WARN_BOOL_CONVERSION = YES;
				CLANG_WARN_CONSTANT_CONVERSION = YES;
				CLANG_WARN_DIRECT_OBJC_ISA_USAGE = YES_ERROR;
				CLANG_WARN_DOCUMENTATION_COMMENTS = YES;
				CLANG_WARN_EMPTY_BODY = YES;
				CLANG_WARN_ENUM_CONVERSION = YES;
				CLANG_WARN_INFINITE_RECURSION = YES;
				CLANG_WARN_INT_CONVERSION = YES;
				CLANG_WARN_OBJC_ROOT_CLASS = YES_ERROR;
				CLANG_WARN_SUSPICIOUS_MOVE = YES;
				CLANG_WARN_UNREACHABLE_CODE = YES;
				CLANG_WARN__DUPLICATE_METHOD_MATCH = YES;
				"CODE_SIGN_IDENTITY[sdk=iphoneos*]" = "iPhone Developer";
				COPY_PHASE_STRIP = NO;
				DEBUG_INFORMATION_FORMAT = dwarf;
				ENABLE_STRICT_OBJC_MSGSEND = YES;
				ENABLE_TESTABILITY = YES;
				GCC_C_LANGUAGE_STANDARD = gnu99;
				GCC_DYNAMIC_NO_PIC = NO;
				GCC_NO_COMMON_BLOCKS = YES;
				GCC_OPTIMIZATION_LEVEL = 0;
				GCC_PREPROCESSOR_DEFINITIONS = (
					"DEBUG=1",
					"$(inherited)",
				);
				GCC_WARN_64_TO_32_BIT_CONVERSION = YES;
				GCC_WARN_ABOUT_RETURN_TYPE = YES_ERROR;
				GCC_WARN_UNDECLARED_SELECTOR = YES;
				GCC_WARN_UNINITIALIZED_AUTOS = YES_AGGRESSIVE;
				GCC_WARN_UNUSED_FUNCTION = YES;
				GCC_WARN_UNUSED_VARIABLE = YES;
				IPHONEOS_DEPLOYMENT_TARGET = 10.3;
				MTL_ENABLE_DEBUG_INFO = YES;
				ONLY_ACTIVE_ARCH = YES;
				SDKROOT = iphoneos;
				SWIFT_ACTIVE_COMPILATION_CONDITIONS = DEBUG;
				SWIFT_OPTIMIZATION_LEVEL = "-Onone";
				TARGETED_DEVICE_FAMILY = "1,2";
			};
			name = Debug;
		};
		6F74DACE1EDEED9B003A6B23 /* Release */ = {
			isa = XCBuildConfiguration;
			buildSettings = {
				ALWAYS_SEARCH_USER_PATHS = NO;
				CLANG_ANALYZER_NONNULL = YES;
				CLANG_ANALYZER_NUMBER_OBJECT_CONVERSION = YES_AGGRESSIVE;
				CLANG_CXX_LANGUAGE_STANDARD = "gnu++0x";
				CLANG_CXX_LIBRARY = "libc++";
				CLANG_ENABLE_MODULES = YES;
				CLANG_ENABLE_OBJC_ARC = YES;
				CLANG_WARN_BOOL_CONVERSION = YES;
				CLANG_WARN_CONSTANT_CONVERSION = YES;
				CLANG_WARN_DIRECT_OBJC_ISA_USAGE = YES_ERROR;
				CLANG_WARN_DOCUMENTATION_COMMENTS = YES;
				CLANG_WARN_EMPTY_BODY = YES;
				CLANG_WARN_ENUM_CONVERSION = YES;
				CLANG_WARN_INFINITE_RECURSION = YES;
				CLANG_WARN_INT_CONVERSION = YES;
				CLANG_WARN_OBJC_ROOT_CLASS = YES_ERROR;
				CLANG_WARN_SUSPICIOUS_MOVE = YES;
				CLANG_WARN_UNREACHABLE_CODE = YES;
				CLANG_WARN__DUPLICATE_METHOD_MATCH = YES;
				"CODE_SIGN_IDENTITY[sdk=iphoneos*]" = "iPhone Developer";
				COPY_PHASE_STRIP = NO;
				DEBUG_INFORMATION_FORMAT = "dwarf-with-dsym";
				ENABLE_NS_ASSERTIONS = NO;
				ENABLE_STRICT_OBJC_MSGSEND = YES;
				GCC_C_LANGUAGE_STANDARD = gnu99;
				GCC_NO_COMMON_BLOCKS = YES;
				GCC_WARN_64_TO_32_BIT_CONVERSION = YES;
				GCC_WARN_ABOUT_RETURN_TYPE = YES_ERROR;
				GCC_WARN_UNDECLARED_SELECTOR = YES;
				GCC_WARN_UNINITIALIZED_AUTOS = YES_AGGRESSIVE;
				GCC_WARN_UNUSED_FUNCTION = YES;
				GCC_WARN_UNUSED_VARIABLE = YES;
				IPHONEOS_DEPLOYMENT_TARGET = 10.3;
				MTL_ENABLE_DEBUG_INFO = NO;
				SDKROOT = iphoneos;
				SWIFT_OPTIMIZATION_LEVEL = "-Owholemodule";
				TARGETED_DEVICE_FAMILY = "1,2";
				VALIDATE_PRODUCT = YES;
			};
			name = Release;
		};
		6F74DAD01EDEED9B003A6B23 /* Debug */ = {
			isa = XCBuildConfiguration;
			buildSettings = {
				ASSETCATALOG_COMPILER_APPICON_NAME = AppIcon;
				CODE_SIGN_ENTITLEMENTS = RobotControl_iOS/RobotControl_iOS.entitlements;
				DEVELOPMENT_TEAM = 73VV5F7YHF;
				ENABLE_BITCODE = NO;
				FRAMEWORK_SEARCH_PATHS = (
					"$(inherited)",
					"$(PROJECT_DIR)/RobotControl_iOS",
					"$(PROJECT_DIR)",
				);
				INFOPLIST_FILE = RobotControl_iOS/Info.plist;
				LD_RUNPATH_SEARCH_PATHS = "$(inherited) @executable_path/Frameworks";
				PRODUCT_BUNDLE_IDENTIFIER = "com.aaron.RobotControl-iOS";
				PRODUCT_NAME = "$(TARGET_NAME)";
				SWIFT_OBJC_BRIDGING_HEADER = "RobotControl_iOS/RobotControl_iOS-Bridging-Header.h";
				SWIFT_VERSION = 3.0;
			};
			name = Debug;
		};
		6F74DAD11EDEED9B003A6B23 /* Release */ = {
			isa = XCBuildConfiguration;
			buildSettings = {
				ASSETCATALOG_COMPILER_APPICON_NAME = AppIcon;
				CODE_SIGN_ENTITLEMENTS = RobotControl_iOS/RobotControl_iOS.entitlements;
				DEVELOPMENT_TEAM = 73VV5F7YHF;
				ENABLE_BITCODE = NO;
				FRAMEWORK_SEARCH_PATHS = (
					"$(inherited)",
					"$(PROJECT_DIR)/RobotControl_iOS",
					"$(PROJECT_DIR)",
				);
				INFOPLIST_FILE = RobotControl_iOS/Info.plist;
				LD_RUNPATH_SEARCH_PATHS = "$(inherited) @executable_path/Frameworks";
				PRODUCT_BUNDLE_IDENTIFIER = "com.aaron.RobotControl-iOS";
				PRODUCT_NAME = "$(TARGET_NAME)";
				SWIFT_OBJC_BRIDGING_HEADER = "RobotControl_iOS/RobotControl_iOS-Bridging-Header.h";
				SWIFT_VERSION = 3.0;
			};
			name = Release;
		};
		6F74DAD31EDEED9B003A6B23 /* Debug */ = {
			isa = XCBuildConfiguration;
			buildSettings = {
				ALWAYS_EMBED_SWIFT_STANDARD_LIBRARIES = YES;
				BUNDLE_LOADER = "$(TEST_HOST)";
				INFOPLIST_FILE = RobotControl_iOSTests/Info.plist;
				LD_RUNPATH_SEARCH_PATHS = "$(inherited) @executable_path/Frameworks @loader_path/Frameworks";
				PRODUCT_BUNDLE_IDENTIFIER = "com.aaron.RobotControl-iOSTests";
				PRODUCT_NAME = "$(TARGET_NAME)";
				SWIFT_VERSION = 3.0;
				TEST_HOST = "$(BUILT_PRODUCTS_DIR)/RobotControl_iOS.app/RobotControl_iOS";
			};
			name = Debug;
		};
		6F74DAD41EDEED9B003A6B23 /* Release */ = {
			isa = XCBuildConfiguration;
			buildSettings = {
				ALWAYS_EMBED_SWIFT_STANDARD_LIBRARIES = YES;
				BUNDLE_LOADER = "$(TEST_HOST)";
				INFOPLIST_FILE = RobotControl_iOSTests/Info.plist;
				LD_RUNPATH_SEARCH_PATHS = "$(inherited) @executable_path/Frameworks @loader_path/Frameworks";
				PRODUCT_BUNDLE_IDENTIFIER = "com.aaron.RobotControl-iOSTests";
				PRODUCT_NAME = "$(TARGET_NAME)";
				SWIFT_VERSION = 3.0;
				TEST_HOST = "$(BUILT_PRODUCTS_DIR)/RobotControl_iOS.app/RobotControl_iOS";
			};
			name = Release;
		};
/* End XCBuildConfiguration section */

/* Begin XCConfigurationList section */
		6F74DAAA1EDEED9A003A6B23 /* Build configuration list for PBXProject "RobotControl_iOS" */ = {
			isa = XCConfigurationList;
			buildConfigurations = (
				6F74DACD1EDEED9B003A6B23 /* Debug */,
				6F74DACE1EDEED9B003A6B23 /* Release */,
			);
			defaultConfigurationIsVisible = 0;
			defaultConfigurationName = Release;
		};
		6F74DACF1EDEED9B003A6B23 /* Build configuration list for PBXNativeTarget "RobotControl_iOS" */ = {
			isa = XCConfigurationList;
			buildConfigurations = (
				6F74DAD01EDEED9B003A6B23 /* Debug */,
				6F74DAD11EDEED9B003A6B23 /* Release */,
			);
			defaultConfigurationIsVisible = 0;
			defaultConfigurationName = Release;
		};
		6F74DAD21EDEED9B003A6B23 /* Build configuration list for PBXNativeTarget "RobotControl_iOSTests" */ = {
			isa = XCConfigurationList;
			buildConfigurations = (
				6F74DAD31EDEED9B003A6B23 /* Debug */,
				6F74DAD41EDEED9B003A6B23 /* Release */,
			);
			defaultConfigurationIsVisible = 0;
			defaultConfigurationName = Release;
		};
/* End XCConfigurationList section */
	};
	rootObject = 6F74DAA71EDEED9A003A6B23 /* Project object */;
}
