// !$*UTF8*$!
{
	archiveVersion = 1;
	classes = {
	};
	objectVersion = 46;
	objects = {

/* Begin PBXBuildFile section */
		6F1662521EE5A3CA00F221E0 /* BlocklyViewController.swift in Sources */ = {isa = PBXBuildFile; fileRef = 6F1662511EE5A3CA00F221E0 /* BlocklyViewController.swift */; };
		6F1662821EE5BB3900F221E0 /* Block.swift in Sources */ = {isa = PBXBuildFile; fileRef = 6F1662761EE5BB3900F221E0 /* Block.swift */; };
		6F1662831EE5BB3900F221E0 /* BlockBuilder.swift in Sources */ = {isa = PBXBuildFile; fileRef = 6F1662771EE5BB3900F221E0 /* BlockBuilder.swift */; };
		6F1662841EE5BB3900F221E0 /* BlockGroup.swift in Sources */ = {isa = PBXBuildFile; fileRef = 6F1662781EE5BB3900F221E0 /* BlockGroup.swift */; };
		6F1662851EE5BB3900F221E0 /* Connection.swift in Sources */ = {isa = PBXBuildFile; fileRef = 6F1662791EE5BB3900F221E0 /* Connection.swift */; };
		6F1662861EE5BB3900F221E0 /* ConnectionManager.swift in Sources */ = {isa = PBXBuildFile; fileRef = 6F16627A1EE5BB3900F221E0 /* ConnectionManager.swift */; };
		6F1662871EE5BB3900F221E0 /* Field.swift in Sources */ = {isa = PBXBuildFile; fileRef = 6F16627B1EE5BB3900F221E0 /* Field.swift */; };
		6F1662881EE5BB3900F221E0 /* FieldLabel.swift in Sources */ = {isa = PBXBuildFile; fileRef = 6F16627C1EE5BB3900F221E0 /* FieldLabel.swift */; };
		6F1662891EE5BB3900F221E0 /* Workspace.swift in Sources */ = {isa = PBXBuildFile; fileRef = 6F16627D1EE5BB3900F221E0 /* Workspace.swift */; };
		6F16628E1EE5C36F00F221E0 /* Input.swift in Sources */ = {isa = PBXBuildFile; fileRef = 6F16628D1EE5C36F00F221E0 /* Input.swift */; };
		6F16629C1EE6483600F221E0 /* LayoutConfig.swift in Sources */ = {isa = PBXBuildFile; fileRef = 6F16629B1EE6483600F221E0 /* LayoutConfig.swift */; };
		6F1662C31EE64F0400F221E0 /* BlockView.swift in Sources */ = {isa = PBXBuildFile; fileRef = 6F1662B91EE64F0400F221E0 /* BlockView.swift */; };
		6F1662C41EE64F0400F221E0 /* DefaultBlockView.swift in Sources */ = {isa = PBXBuildFile; fileRef = 6F1662BB1EE64F0400F221E0 /* DefaultBlockView.swift */; };
		6F1662C51EE64F0400F221E0 /* FieldLabelView.swift in Sources */ = {isa = PBXBuildFile; fileRef = 6F1662BC1EE64F0400F221E0 /* FieldLabelView.swift */; };
		6F1662C61EE64F0400F221E0 /* FieldView.swift in Sources */ = {isa = PBXBuildFile; fileRef = 6F1662BD1EE64F0400F221E0 /* FieldView.swift */; };
		6F1662C71EE64F0400F221E0 /* InputView.swift in Sources */ = {isa = PBXBuildFile; fileRef = 6F1662BE1EE64F0400F221E0 /* InputView.swift */; };
		6F1662C81EE64F0400F221E0 /* LayoutView.swift in Sources */ = {isa = PBXBuildFile; fileRef = 6F1662BF1EE64F0400F221E0 /* LayoutView.swift */; };
		6F1662C91EE64F0400F221E0 /* ViewBuilder.swift in Sources */ = {isa = PBXBuildFile; fileRef = 6F1662C01EE64F0400F221E0 /* ViewBuilder.swift */; };
		6F1662CA1EE64F0400F221E0 /* WorkspaceView.swift in Sources */ = {isa = PBXBuildFile; fileRef = 6F1662C11EE64F0400F221E0 /* WorkspaceView.swift */; };
		6F1662CC1EE64F1A00F221E0 /* BlockBezierPath.swift in Sources */ = {isa = PBXBuildFile; fileRef = 6F1662CB1EE64F1A00F221E0 /* BlockBezierPath.swift */; };
		6F1662CE1EE650EC00F221E0 /* PathHelper.swift in Sources */ = {isa = PBXBuildFile; fileRef = 6F1662CD1EE650EC00F221E0 /* PathHelper.swift */; };
		6F1E91341EE59ED100E972E9 /* ConnectionManagerTest.swift in Sources */ = {isa = PBXBuildFile; fileRef = 6F1E91331EE59ED100E972E9 /* ConnectionManagerTest.swift */; };
		6F1E91391EE59F2D00E972E9 /* XCTest.framework in Frameworks */ = {isa = PBXBuildFile; fileRef = 6F1E91371EE59F0A00E972E9 /* XCTest.framework */; };
		6F6FB33B1EE6B066007545A8 /* ViewManager.swift in Sources */ = {isa = PBXBuildFile; fileRef = 6F6FB33A1EE6B066007545A8 /* ViewManager.swift */; };
		6F6FB33C1EE6FDD6007545A8 /* BlockBuilder.swift in Sources */ = {isa = PBXBuildFile; fileRef = 6F1662771EE5BB3900F221E0 /* BlockBuilder.swift */; };
		6F6FB33D1EE6FDD9007545A8 /* ConnectionManager.swift in Sources */ = {isa = PBXBuildFile; fileRef = 6F16627A1EE5BB3900F221E0 /* ConnectionManager.swift */; };
		6F6FB33E1EE6FE1E007545A8 /* Input.swift in Sources */ = {isa = PBXBuildFile; fileRef = 6F16628D1EE5C36F00F221E0 /* Input.swift */; };
		6F6FB33F1EE6FEAD007545A8 /* Block.swift in Sources */ = {isa = PBXBuildFile; fileRef = 6F1662761EE5BB3900F221E0 /* Block.swift */; };
		6F6FB3401EE6FEAF007545A8 /* BlockGroup.swift in Sources */ = {isa = PBXBuildFile; fileRef = 6F1662781EE5BB3900F221E0 /* BlockGroup.swift */; };
		6F6FB3411EE6FEB1007545A8 /* Connection.swift in Sources */ = {isa = PBXBuildFile; fileRef = 6F1662791EE5BB3900F221E0 /* Connection.swift */; };
		6F6FB3421EE6FEB5007545A8 /* Field.swift in Sources */ = {isa = PBXBuildFile; fileRef = 6F16627B1EE5BB3900F221E0 /* Field.swift */; };
		6F6FB3431EE6FEB7007545A8 /* FieldLabel.swift in Sources */ = {isa = PBXBuildFile; fileRef = 6F16627C1EE5BB3900F221E0 /* FieldLabel.swift */; };
		6F6FB3441EE6FEB9007545A8 /* Workspace.swift in Sources */ = {isa = PBXBuildFile; fileRef = 6F16627D1EE5BB3900F221E0 /* Workspace.swift */; };
		6F6FB3451EE6FEBD007545A8 /* LayoutConfig.swift in Sources */ = {isa = PBXBuildFile; fileRef = 6F16629B1EE6483600F221E0 /* LayoutConfig.swift */; };
		6F6FB3461EE6FEBF007545A8 /* BlockBezierPath.swift in Sources */ = {isa = PBXBuildFile; fileRef = 6F1662CB1EE64F1A00F221E0 /* BlockBezierPath.swift */; };
		6F74DAB31EDEED9B003A6B23 /* AppDelegate.swift in Sources */ = {isa = PBXBuildFile; fileRef = 6F74DAB21EDEED9B003A6B23 /* AppDelegate.swift */; };
		6F74DABD1EDEED9B003A6B23 /* Assets.xcassets in Resources */ = {isa = PBXBuildFile; fileRef = 6F74DABC1EDEED9B003A6B23 /* Assets.xcassets */; };
		6F74DAC01EDEED9B003A6B23 /* LaunchScreen.storyboard in Resources */ = {isa = PBXBuildFile; fileRef = 6F74DABE1EDEED9B003A6B23 /* LaunchScreen.storyboard */; };
		6F74DACB1EDEED9B003A6B23 /* RobotControl_iOSTests.swift in Sources */ = {isa = PBXBuildFile; fileRef = 6F74DACA1EDEED9B003A6B23 /* RobotControl_iOSTests.swift */; };
		6F74DAD61EDEEDE0003A6B23 /* DemoPickerViewController.swift in Sources */ = {isa = PBXBuildFile; fileRef = 6F74DAD51EDEEDE0003A6B23 /* DemoPickerViewController.swift */; };
		6F8603E61EDEF72D00AA4507 /* UIView + AutoLayout.swift in Sources */ = {isa = PBXBuildFile; fileRef = 6F8603E51EDEF72D00AA4507 /* UIView + AutoLayout.swift */; };
/* End PBXBuildFile section */

/* Begin PBXContainerItemProxy section */
		6F74DAC71EDEED9B003A6B23 /* PBXContainerItemProxy */ = {
			isa = PBXContainerItemProxy;
			containerPortal = 6F74DAA71EDEED9A003A6B23 /* Project object */;
			proxyType = 1;
			remoteGlobalIDString = 6F74DAAE1EDEED9B003A6B23;
			remoteInfo = RobotControl_iOS;
		};
/* End PBXContainerItemProxy section */

/* Begin PBXCopyFilesBuildPhase section */
		6F8603DD1EDEF44000AA4507 /* Embed Frameworks */ = {
			isa = PBXCopyFilesBuildPhase;
			buildActionMask = 2147483647;
			dstPath = "";
			dstSubfolderSpec = 10;
			files = (
			);
			name = "Embed Frameworks";
			runOnlyForDeploymentPostprocessing = 0;
		};
/* End PBXCopyFilesBuildPhase section */

/* Begin PBXFileReference section */
		6F1662511EE5A3CA00F221E0 /* BlocklyViewController.swift */ = {isa = PBXFileReference; fileEncoding = 4; lastKnownFileType = sourcecode.swift; name = BlocklyViewController.swift; path = RobotControl_iOS/BlocklyViewController/BlocklyViewController.swift; sourceTree = SOURCE_ROOT; };
		6F1662761EE5BB3900F221E0 /* Block.swift */ = {isa = PBXFileReference; fileEncoding = 4; lastKnownFileType = sourcecode.swift; path = Block.swift; sourceTree = "<group>"; };
		6F1662771EE5BB3900F221E0 /* BlockBuilder.swift */ = {isa = PBXFileReference; fileEncoding = 4; lastKnownFileType = sourcecode.swift; path = BlockBuilder.swift; sourceTree = "<group>"; };
		6F1662781EE5BB3900F221E0 /* BlockGroup.swift */ = {isa = PBXFileReference; fileEncoding = 4; lastKnownFileType = sourcecode.swift; path = BlockGroup.swift; sourceTree = "<group>"; };
		6F1662791EE5BB3900F221E0 /* Connection.swift */ = {isa = PBXFileReference; fileEncoding = 4; lastKnownFileType = sourcecode.swift; path = Connection.swift; sourceTree = "<group>"; };
		6F16627A1EE5BB3900F221E0 /* ConnectionManager.swift */ = {isa = PBXFileReference; fileEncoding = 4; lastKnownFileType = sourcecode.swift; path = ConnectionManager.swift; sourceTree = "<group>"; };
		6F16627B1EE5BB3900F221E0 /* Field.swift */ = {isa = PBXFileReference; fileEncoding = 4; lastKnownFileType = sourcecode.swift; path = Field.swift; sourceTree = "<group>"; };
		6F16627C1EE5BB3900F221E0 /* FieldLabel.swift */ = {isa = PBXFileReference; fileEncoding = 4; lastKnownFileType = sourcecode.swift; path = FieldLabel.swift; sourceTree = "<group>"; };
		6F16627D1EE5BB3900F221E0 /* Workspace.swift */ = {isa = PBXFileReference; fileEncoding = 4; lastKnownFileType = sourcecode.swift; path = Workspace.swift; sourceTree = "<group>"; };
		6F16628D1EE5C36F00F221E0 /* Input.swift */ = {isa = PBXFileReference; fileEncoding = 4; lastKnownFileType = sourcecode.swift; path = Input.swift; sourceTree = "<group>"; };
		6F16629B1EE6483600F221E0 /* LayoutConfig.swift */ = {isa = PBXFileReference; fileEncoding = 4; lastKnownFileType = sourcecode.swift; path = LayoutConfig.swift; sourceTree = "<group>"; };
		6F1662B91EE64F0400F221E0 /* BlockView.swift */ = {isa = PBXFileReference; fileEncoding = 4; lastKnownFileType = sourcecode.swift; path = BlockView.swift; sourceTree = "<group>"; };
		6F1662BB1EE64F0400F221E0 /* DefaultBlockView.swift */ = {isa = PBXFileReference; fileEncoding = 4; lastKnownFileType = sourcecode.swift; path = DefaultBlockView.swift; sourceTree = "<group>"; };
		6F1662BC1EE64F0400F221E0 /* FieldLabelView.swift */ = {isa = PBXFileReference; fileEncoding = 4; lastKnownFileType = sourcecode.swift; path = FieldLabelView.swift; sourceTree = "<group>"; };
		6F1662BD1EE64F0400F221E0 /* FieldView.swift */ = {isa = PBXFileReference; fileEncoding = 4; lastKnownFileType = sourcecode.swift; path = FieldView.swift; sourceTree = "<group>"; };
		6F1662BE1EE64F0400F221E0 /* InputView.swift */ = {isa = PBXFileReference; fileEncoding = 4; lastKnownFileType = sourcecode.swift; path = InputView.swift; sourceTree = "<group>"; };
		6F1662BF1EE64F0400F221E0 /* LayoutView.swift */ = {isa = PBXFileReference; fileEncoding = 4; lastKnownFileType = sourcecode.swift; path = LayoutView.swift; sourceTree = "<group>"; };
		6F1662C01EE64F0400F221E0 /* ViewBuilder.swift */ = {isa = PBXFileReference; fileEncoding = 4; lastKnownFileType = sourcecode.swift; path = ViewBuilder.swift; sourceTree = "<group>"; };
		6F1662C11EE64F0400F221E0 /* WorkspaceView.swift */ = {isa = PBXFileReference; fileEncoding = 4; lastKnownFileType = sourcecode.swift; path = WorkspaceView.swift; sourceTree = "<group>"; };
		6F1662CB1EE64F1A00F221E0 /* BlockBezierPath.swift */ = {isa = PBXFileReference; fileEncoding = 4; lastKnownFileType = sourcecode.swift; path = BlockBezierPath.swift; sourceTree = "<group>"; };
		6F1662CD1EE650EC00F221E0 /* PathHelper.swift */ = {isa = PBXFileReference; fileEncoding = 4; lastKnownFileType = sourcecode.swift; path = PathHelper.swift; sourceTree = "<group>"; };
		6F1E91331EE59ED100E972E9 /* ConnectionManagerTest.swift */ = {isa = PBXFileReference; fileEncoding = 4; lastKnownFileType = sourcecode.swift; name = ConnectionManagerTest.swift; path = VisualProgramming/ConnectionManagerTest.swift; sourceTree = "<group>"; };
		6F1E91371EE59F0A00E972E9 /* XCTest.framework */ = {isa = PBXFileReference; lastKnownFileType = wrapper.framework; name = XCTest.framework; path = Platforms/iPhoneOS.platform/Developer/Library/Frameworks/XCTest.framework; sourceTree = DEVELOPER_DIR; };
		6F6FB33A1EE6B066007545A8 /* ViewManager.swift */ = {isa = PBXFileReference; fileEncoding = 4; lastKnownFileType = sourcecode.swift; path = ViewManager.swift; sourceTree = "<group>"; };
		6F74DAAF1EDEED9B003A6B23 /* RobotControl_iOS.app */ = {isa = PBXFileReference; explicitFileType = wrapper.application; includeInIndex = 0; path = RobotControl_iOS.app; sourceTree = BUILT_PRODUCTS_DIR; };
		6F74DAB21EDEED9B003A6B23 /* AppDelegate.swift */ = {isa = PBXFileReference; lastKnownFileType = sourcecode.swift; path = AppDelegate.swift; sourceTree = "<group>"; };
		6F74DABC1EDEED9B003A6B23 /* Assets.xcassets */ = {isa = PBXFileReference; lastKnownFileType = folder.assetcatalog; path = Assets.xcassets; sourceTree = "<group>"; };
		6F74DABF1EDEED9B003A6B23 /* Base */ = {isa = PBXFileReference; lastKnownFileType = file.storyboard; name = Base; path = Base.lproj/LaunchScreen.storyboard; sourceTree = "<group>"; };
		6F74DAC11EDEED9B003A6B23 /* Info.plist */ = {isa = PBXFileReference; lastKnownFileType = text.plist.xml; path = Info.plist; sourceTree = "<group>"; };
		6F74DAC61EDEED9B003A6B23 /* RobotControl_iOSTests.xctest */ = {isa = PBXFileReference; explicitFileType = wrapper.cfbundle; includeInIndex = 0; path = RobotControl_iOSTests.xctest; sourceTree = BUILT_PRODUCTS_DIR; };
		6F74DACA1EDEED9B003A6B23 /* RobotControl_iOSTests.swift */ = {isa = PBXFileReference; lastKnownFileType = sourcecode.swift; path = RobotControl_iOSTests.swift; sourceTree = "<group>"; };
		6F74DACC1EDEED9B003A6B23 /* Info.plist */ = {isa = PBXFileReference; lastKnownFileType = text.plist.xml; path = Info.plist; sourceTree = "<group>"; };
		6F74DAD51EDEEDE0003A6B23 /* DemoPickerViewController.swift */ = {isa = PBXFileReference; fileEncoding = 4; lastKnownFileType = sourcecode.swift; path = DemoPickerViewController.swift; sourceTree = "<group>"; };
		6F8603E51EDEF72D00AA4507 /* UIView + AutoLayout.swift */ = {isa = PBXFileReference; fileEncoding = 4; lastKnownFileType = sourcecode.swift; path = "UIView + AutoLayout.swift"; sourceTree = "<group>"; };
/* End PBXFileReference section */

/* Begin PBXFrameworksBuildPhase section */
		6F74DAAC1EDEED9B003A6B23 /* Frameworks */ = {
			isa = PBXFrameworksBuildPhase;
			buildActionMask = 2147483647;
			files = (
			);
			runOnlyForDeploymentPostprocessing = 0;
		};
		6F74DAC31EDEED9B003A6B23 /* Frameworks */ = {
			isa = PBXFrameworksBuildPhase;
			buildActionMask = 2147483647;
			files = (
				6F1E91391EE59F2D00E972E9 /* XCTest.framework in Frameworks */,
			);
			runOnlyForDeploymentPostprocessing = 0;
		};
/* End PBXFrameworksBuildPhase section */

/* Begin PBXGroup section */
		6F1662751EE5BB3900F221E0 /* Model */ = {
			isa = PBXGroup;
			children = (
				6F1662761EE5BB3900F221E0 /* Block.swift */,
				6F1662771EE5BB3900F221E0 /* BlockBuilder.swift */,
				6F1662781EE5BB3900F221E0 /* BlockGroup.swift */,
				6F1662791EE5BB3900F221E0 /* Connection.swift */,
				6F16627A1EE5BB3900F221E0 /* ConnectionManager.swift */,
				6F16627B1EE5BB3900F221E0 /* Field.swift */,
				6F16627C1EE5BB3900F221E0 /* FieldLabel.swift */,
				6F16627D1EE5BB3900F221E0 /* Workspace.swift */,
				6F16628D1EE5C36F00F221E0 /* Input.swift */,
			);
			name = Model;
			path = VisualProgramming/Model;
			sourceTree = "<group>";
		};
		6F16629A1EE6482B00F221E0 /* Layout */ = {
			isa = PBXGroup;
			children = (
				6F16629B1EE6483600F221E0 /* LayoutConfig.swift */,
			);
			name = Layout;
			path = VisualProgramming/Layout;
			sourceTree = "<group>";
		};
		6F1662B61EE64F0400F221E0 /* UI */ = {
			isa = PBXGroup;
			children = (
				6F1662CB1EE64F1A00F221E0 /* BlockBezierPath.swift */,
				6F1662B71EE64F0400F221E0 /* View */,
				6F1662CD1EE650EC00F221E0 /* PathHelper.swift */,
				6F6FB33A1EE6B066007545A8 /* ViewManager.swift */,
			);
			name = UI;
			path = VisualProgramming/UI;
			sourceTree = "<group>";
		};
		6F1662B71EE64F0400F221E0 /* View */ = {
			isa = PBXGroup;
			children = (
				6F1662BA1EE64F0400F221E0 /* Default */,
				6F1662B91EE64F0400F221E0 /* BlockView.swift */,
				6F1662BC1EE64F0400F221E0 /* FieldLabelView.swift */,
				6F1662BD1EE64F0400F221E0 /* FieldView.swift */,
				6F1662BE1EE64F0400F221E0 /* InputView.swift */,
				6F1662BF1EE64F0400F221E0 /* LayoutView.swift */,
				6F1662C01EE64F0400F221E0 /* ViewBuilder.swift */,
				6F1662C11EE64F0400F221E0 /* WorkspaceView.swift */,
			);
			path = View;
			sourceTree = "<group>";
		};
		6F1662BA1EE64F0400F221E0 /* Default */ = {
			isa = PBXGroup;
			children = (
				6F1662BB1EE64F0400F221E0 /* DefaultBlockView.swift */,
			);
			path = Default;
			sourceTree = "<group>";
		};
		6F1E911A1EE54F4E00E972E9 /* VisualProgramming */ = {
			isa = PBXGroup;
			children = (
				6F1662751EE5BB3900F221E0 /* Model */,
				6F16629A1EE6482B00F221E0 /* Layout */,
				6F1662B61EE64F0400F221E0 /* UI */,
			);
			name = VisualProgramming;
			sourceTree = "<group>";
		};
		6F1E91321EE59EB700E972E9 /* VisualProgramming */ = {
			isa = PBXGroup;
			children = (
				6F1E91331EE59ED100E972E9 /* ConnectionManagerTest.swift */,
			);
			name = VisualProgramming;
			sourceTree = "<group>";
		};
		6F1E91361EE59F0A00E972E9 /* Frameworks */ = {
			isa = PBXGroup;
			children = (
				6F1E91371EE59F0A00E972E9 /* XCTest.framework */,
			);
			name = Frameworks;
			sourceTree = "<group>";
		};
		6F74DAA61EDEED9A003A6B23 = {
			isa = PBXGroup;
			children = (
				6F74DAB11EDEED9B003A6B23 /* RobotControl_iOS */,
				6F74DAC91EDEED9B003A6B23 /* RobotControl_iOSTests */,
				6F74DAB01EDEED9B003A6B23 /* Products */,
				6F1E91361EE59F0A00E972E9 /* Frameworks */,
			);
			sourceTree = "<group>";
		};
		6F74DAB01EDEED9B003A6B23 /* Products */ = {
			isa = PBXGroup;
			children = (
				6F74DAAF1EDEED9B003A6B23 /* RobotControl_iOS.app */,
				6F74DAC61EDEED9B003A6B23 /* RobotControl_iOSTests.xctest */,
			);
			name = Products;
			sourceTree = "<group>";
		};
		6F74DAB11EDEED9B003A6B23 /* RobotControl_iOS */ = {
			isa = PBXGroup;
			children = (
				6F1E911A1EE54F4E00E972E9 /* VisualProgramming */,
				6F74DAB21EDEED9B003A6B23 /* AppDelegate.swift */,
				6F74DAD51EDEEDE0003A6B23 /* DemoPickerViewController.swift */,
				6F8603E71EDEF73F00AA4507 /* BlocklyViewController */,
				6F8603E41EDEF72D00AA4507 /* Utils */,
				6F74DABC1EDEED9B003A6B23 /* Assets.xcassets */,
				6F74DABE1EDEED9B003A6B23 /* LaunchScreen.storyboard */,
				6F74DAC11EDEED9B003A6B23 /* Info.plist */,
			);
			path = RobotControl_iOS;
			sourceTree = "<group>";
		};
		6F74DAC91EDEED9B003A6B23 /* RobotControl_iOSTests */ = {
			isa = PBXGroup;
			children = (
				6F1E91321EE59EB700E972E9 /* VisualProgramming */,
				6F74DACA1EDEED9B003A6B23 /* RobotControl_iOSTests.swift */,
				6F74DACC1EDEED9B003A6B23 /* Info.plist */,
			);
			path = RobotControl_iOSTests;
			sourceTree = "<group>";
		};
		6F8603E41EDEF72D00AA4507 /* Utils */ = {
			isa = PBXGroup;
			children = (
				6F8603E51EDEF72D00AA4507 /* UIView + AutoLayout.swift */,
			);
			path = Utils;
			sourceTree = "<group>";
		};
		6F8603E71EDEF73F00AA4507 /* BlocklyViewController */ = {
			isa = PBXGroup;
			children = (
				6F1662511EE5A3CA00F221E0 /* BlocklyViewController.swift */,
			);
			name = BlocklyViewController;
			path = BloclyViewController;
			sourceTree = "<group>";
		};
/* End PBXGroup section */

/* Begin PBXNativeTarget section */
		6F74DAAE1EDEED9B003A6B23 /* RobotControl_iOS */ = {
			isa = PBXNativeTarget;
			buildConfigurationList = 6F74DACF1EDEED9B003A6B23 /* Build configuration list for PBXNativeTarget "RobotControl_iOS" */;
			buildPhases = (
				6F74DAAB1EDEED9B003A6B23 /* Sources */,
				6F74DAAC1EDEED9B003A6B23 /* Frameworks */,
				6F74DAAD1EDEED9B003A6B23 /* Resources */,
				6F8603DD1EDEF44000AA4507 /* Embed Frameworks */,
			);
			buildRules = (
			);
			dependencies = (
			);
			name = RobotControl_iOS;
			productName = RobotControl_iOS;
			productReference = 6F74DAAF1EDEED9B003A6B23 /* RobotControl_iOS.app */;
			productType = "com.apple.product-type.application";
		};
		6F74DAC51EDEED9B003A6B23 /* RobotControl_iOSTests */ = {
			isa = PBXNativeTarget;
			buildConfigurationList = 6F74DAD21EDEED9B003A6B23 /* Build configuration list for PBXNativeTarget "RobotControl_iOSTests" */;
			buildPhases = (
				6F74DAC21EDEED9B003A6B23 /* Sources */,
				6F74DAC31EDEED9B003A6B23 /* Frameworks */,
				6F74DAC41EDEED9B003A6B23 /* Resources */,
			);
			buildRules = (
			);
			dependencies = (
				6F74DAC81EDEED9B003A6B23 /* PBXTargetDependency */,
			);
			name = RobotControl_iOSTests;
			productName = RobotControl_iOSTests;
			productReference = 6F74DAC61EDEED9B003A6B23 /* RobotControl_iOSTests.xctest */;
			productType = "com.apple.product-type.bundle.unit-test";
		};
/* End PBXNativeTarget section */

/* Begin PBXProject section */
		6F74DAA71EDEED9A003A6B23 /* Project object */ = {
			isa = PBXProject;
			attributes = {
				LastSwiftUpdateCheck = 0830;
				LastUpgradeCheck = 0830;
				ORGANIZATIONNAME = Aaron;
				TargetAttributes = {
					6F74DAAE1EDEED9B003A6B23 = {
						CreatedOnToolsVersion = 8.3.2;
						ProvisioningStyle = Automatic;
					};
					6F74DAC51EDEED9B003A6B23 = {
						CreatedOnToolsVersion = 8.3.2;
						ProvisioningStyle = Automatic;
						TestTargetID = 6F74DAAE1EDEED9B003A6B23;
					};
				};
			};
			buildConfigurationList = 6F74DAAA1EDEED9A003A6B23 /* Build configuration list for PBXProject "RobotControl_iOS" */;
			compatibilityVersion = "Xcode 3.2";
			developmentRegion = English;
			hasScannedForEncodings = 0;
			knownRegions = (
				en,
				Base,
			);
			mainGroup = 6F74DAA61EDEED9A003A6B23;
			productRefGroup = 6F74DAB01EDEED9B003A6B23 /* Products */;
			projectDirPath = "";
			projectRoot = "";
			targets = (
				6F74DAAE1EDEED9B003A6B23 /* RobotControl_iOS */,
				6F74DAC51EDEED9B003A6B23 /* RobotControl_iOSTests */,
			);
		};
/* End PBXProject section */

/* Begin PBXResourcesBuildPhase section */
		6F74DAAD1EDEED9B003A6B23 /* Resources */ = {
			isa = PBXResourcesBuildPhase;
			buildActionMask = 2147483647;
			files = (
				6F74DAC01EDEED9B003A6B23 /* LaunchScreen.storyboard in Resources */,
				6F74DABD1EDEED9B003A6B23 /* Assets.xcassets in Resources */,
			);
			runOnlyForDeploymentPostprocessing = 0;
		};
		6F74DAC41EDEED9B003A6B23 /* Resources */ = {
			isa = PBXResourcesBuildPhase;
			buildActionMask = 2147483647;
			files = (
			);
			runOnlyForDeploymentPostprocessing = 0;
		};
/* End PBXResourcesBuildPhase section */

/* Begin PBXSourcesBuildPhase section */
		6F74DAAB1EDEED9B003A6B23 /* Sources */ = {
			isa = PBXSourcesBuildPhase;
			buildActionMask = 2147483647;
			files = (
				6F1662CE1EE650EC00F221E0 /* PathHelper.swift in Sources */,
				6F1662CA1EE64F0400F221E0 /* WorkspaceView.swift in Sources */,
				6F1662C31EE64F0400F221E0 /* BlockView.swift in Sources */,
				6F1662871EE5BB3900F221E0 /* Field.swift in Sources */,
				6F16629C1EE6483600F221E0 /* LayoutConfig.swift in Sources */,
				6F1662521EE5A3CA00F221E0 /* BlocklyViewController.swift in Sources */,
				6F1662CC1EE64F1A00F221E0 /* BlockBezierPath.swift in Sources */,
				6F74DAB31EDEED9B003A6B23 /* AppDelegate.swift in Sources */,
				6F1662C81EE64F0400F221E0 /* LayoutView.swift in Sources */,
				6F1662881EE5BB3900F221E0 /* FieldLabel.swift in Sources */,
				6F16628E1EE5C36F00F221E0 /* Input.swift in Sources */,
				6F1662C51EE64F0400F221E0 /* FieldLabelView.swift in Sources */,
				6F1662C91EE64F0400F221E0 /* ViewBuilder.swift in Sources */,
				6F1662841EE5BB3900F221E0 /* BlockGroup.swift in Sources */,
				6F1662851EE5BB3900F221E0 /* Connection.swift in Sources */,
				6F1662861EE5BB3900F221E0 /* ConnectionManager.swift in Sources */,
				6F1662C61EE64F0400F221E0 /* FieldView.swift in Sources */,
				6F1662C41EE64F0400F221E0 /* DefaultBlockView.swift in Sources */,
				6F1662821EE5BB3900F221E0 /* Block.swift in Sources */,
				6F1662831EE5BB3900F221E0 /* BlockBuilder.swift in Sources */,
				6F1662891EE5BB3900F221E0 /* Workspace.swift in Sources */,
				6F1662C71EE64F0400F221E0 /* InputView.swift in Sources */,
				6F6FB33B1EE6B066007545A8 /* ViewManager.swift in Sources */,
				6F74DAD61EDEEDE0003A6B23 /* DemoPickerViewController.swift in Sources */,
				6F8603E61EDEF72D00AA4507 /* UIView + AutoLayout.swift in Sources */,
			);
			runOnlyForDeploymentPostprocessing = 0;
		};
		6F74DAC21EDEED9B003A6B23 /* Sources */ = {
			isa = PBXSourcesBuildPhase;
			buildActionMask = 2147483647;
			files = (
				6F6FB33E1EE6FE1E007545A8 /* Input.swift in Sources */,
				6F6FB33C1EE6FDD6007545A8 /* BlockBuilder.swift in Sources */,
				6F6FB3401EE6FEAF007545A8 /* BlockGroup.swift in Sources */,
				6F6FB3411EE6FEB1007545A8 /* Connection.swift in Sources */,
				6F6FB33D1EE6FDD9007545A8 /* ConnectionManager.swift in Sources */,
				6F6FB3431EE6FEB7007545A8 /* FieldLabel.swift in Sources */,
				6F6FB3421EE6FEB5007545A8 /* Field.swift in Sources */,
				6F6FB33F1EE6FEAD007545A8 /* Block.swift in Sources */,
				6F6FB3461EE6FEBF007545A8 /* BlockBezierPath.swift in Sources */,
				6F74DACB1EDEED9B003A6B23 /* RobotControl_iOSTests.swift in Sources */,
				6F6FB3451EE6FEBD007545A8 /* LayoutConfig.swift in Sources */,
				6F6FB3441EE6FEB9007545A8 /* Workspace.swift in Sources */,
				6F1E91341EE59ED100E972E9 /* ConnectionManagerTest.swift in Sources */,
			);
			runOnlyForDeploymentPostprocessing = 0;
		};
/* End PBXSourcesBuildPhase section */

/* Begin PBXTargetDependency section */
		6F74DAC81EDEED9B003A6B23 /* PBXTargetDependency */ = {
			isa = PBXTargetDependency;
			target = 6F74DAAE1EDEED9B003A6B23 /* RobotControl_iOS */;
			targetProxy = 6F74DAC71EDEED9B003A6B23 /* PBXContainerItemProxy */;
		};
/* End PBXTargetDependency section */

/* Begin PBXVariantGroup section */
		6F74DABE1EDEED9B003A6B23 /* LaunchScreen.storyboard */ = {
			isa = PBXVariantGroup;
			children = (
				6F74DABF1EDEED9B003A6B23 /* Base */,
			);
			name = LaunchScreen.storyboard;
			sourceTree = "<group>";
		};
/* End PBXVariantGroup section */

/* Begin XCBuildConfiguration section */
		6F74DACD1EDEED9B003A6B23 /* Debug */ = {
			isa = XCBuildConfiguration;
			buildSettings = {
				ALWAYS_SEARCH_USER_PATHS = NO;
				CLANG_ANALYZER_NONNULL = YES;
				CLANG_ANALYZER_NUMBER_OBJECT_CONVERSION = YES_AGGRESSIVE;
				CLANG_CXX_LANGUAGE_STANDARD = "gnu++0x";
				CLANG_CXX_LIBRARY = "libc++";
				CLANG_ENABLE_MODULES = YES;
				CLANG_ENABLE_OBJC_ARC = YES;
				CLANG_WARN_BOOL_CONVERSION = YES;
				CLANG_WARN_CONSTANT_CONVERSION = YES;
				CLANG_WARN_DIRECT_OBJC_ISA_USAGE = YES_ERROR;
				CLANG_WARN_DOCUMENTATION_COMMENTS = YES;
				CLANG_WARN_EMPTY_BODY = YES;
				CLANG_WARN_ENUM_CONVERSION = YES;
				CLANG_WARN_INFINITE_RECURSION = YES;
				CLANG_WARN_INT_CONVERSION = YES;
				CLANG_WARN_OBJC_ROOT_CLASS = YES_ERROR;
				CLANG_WARN_SUSPICIOUS_MOVE = YES;
				CLANG_WARN_UNREACHABLE_CODE = YES;
				CLANG_WARN__DUPLICATE_METHOD_MATCH = YES;
				"CODE_SIGN_IDENTITY[sdk=iphoneos*]" = "iPhone Developer";
				COPY_PHASE_STRIP = NO;
				DEBUG_INFORMATION_FORMAT = dwarf;
				ENABLE_STRICT_OBJC_MSGSEND = YES;
				ENABLE_TESTABILITY = YES;
				GCC_C_LANGUAGE_STANDARD = gnu99;
				GCC_DYNAMIC_NO_PIC = NO;
				GCC_NO_COMMON_BLOCKS = YES;
				GCC_OPTIMIZATION_LEVEL = 0;
				GCC_PREPROCESSOR_DEFINITIONS = (
					"DEBUG=1",
					"$(inherited)",
				);
				GCC_WARN_64_TO_32_BIT_CONVERSION = YES;
				GCC_WARN_ABOUT_RETURN_TYPE = YES_ERROR;
				GCC_WARN_UNDECLARED_SELECTOR = YES;
				GCC_WARN_UNINITIALIZED_AUTOS = YES_AGGRESSIVE;
				GCC_WARN_UNUSED_FUNCTION = YES;
				GCC_WARN_UNUSED_VARIABLE = YES;
				IPHONEOS_DEPLOYMENT_TARGET = 10.3;
				MTL_ENABLE_DEBUG_INFO = YES;
				ONLY_ACTIVE_ARCH = YES;
				SDKROOT = iphoneos;
				SWIFT_ACTIVE_COMPILATION_CONDITIONS = DEBUG;
				SWIFT_OPTIMIZATION_LEVEL = "-Onone";
				TARGETED_DEVICE_FAMILY = "1,2";
			};
			name = Debug;
		};
		6F74DACE1EDEED9B003A6B23 /* Release */ = {
			isa = XCBuildConfiguration;
			buildSettings = {
				ALWAYS_SEARCH_USER_PATHS = NO;
				CLANG_ANALYZER_NONNULL = YES;
				CLANG_ANALYZER_NUMBER_OBJECT_CONVERSION = YES_AGGRESSIVE;
				CLANG_CXX_LANGUAGE_STANDARD = "gnu++0x";
				CLANG_CXX_LIBRARY = "libc++";
				CLANG_ENABLE_MODULES = YES;
				CLANG_ENABLE_OBJC_ARC = YES;
				CLANG_WARN_BOOL_CONVERSION = YES;
				CLANG_WARN_CONSTANT_CONVERSION = YES;
				CLANG_WARN_DIRECT_OBJC_ISA_USAGE = YES_ERROR;
				CLANG_WARN_DOCUMENTATION_COMMENTS = YES;
				CLANG_WARN_EMPTY_BODY = YES;
				CLANG_WARN_ENUM_CONVERSION = YES;
				CLANG_WARN_INFINITE_RECURSION = YES;
				CLANG_WARN_INT_CONVERSION = YES;
				CLANG_WARN_OBJC_ROOT_CLASS = YES_ERROR;
				CLANG_WARN_SUSPICIOUS_MOVE = YES;
				CLANG_WARN_UNREACHABLE_CODE = YES;
				CLANG_WARN__DUPLICATE_METHOD_MATCH = YES;
				"CODE_SIGN_IDENTITY[sdk=iphoneos*]" = "iPhone Developer";
				COPY_PHASE_STRIP = NO;
				DEBUG_INFORMATION_FORMAT = "dwarf-with-dsym";
				ENABLE_NS_ASSERTIONS = NO;
				ENABLE_STRICT_OBJC_MSGSEND = YES;
				GCC_C_LANGUAGE_STANDARD = gnu99;
				GCC_NO_COMMON_BLOCKS = YES;
				GCC_WARN_64_TO_32_BIT_CONVERSION = YES;
				GCC_WARN_ABOUT_RETURN_TYPE = YES_ERROR;
				GCC_WARN_UNDECLARED_SELECTOR = YES;
				GCC_WARN_UNINITIALIZED_AUTOS = YES_AGGRESSIVE;
				GCC_WARN_UNUSED_FUNCTION = YES;
				GCC_WARN_UNUSED_VARIABLE = YES;
				IPHONEOS_DEPLOYMENT_TARGET = 10.3;
				MTL_ENABLE_DEBUG_INFO = NO;
				SDKROOT = iphoneos;
				SWIFT_OPTIMIZATION_LEVEL = "-Owholemodule";
				TARGETED_DEVICE_FAMILY = "1,2";
				VALIDATE_PRODUCT = YES;
			};
			name = Release;
		};
		6F74DAD01EDEED9B003A6B23 /* Debug */ = {
			isa = XCBuildConfiguration;
			buildSettings = {
				ASSETCATALOG_COMPILER_APPICON_NAME = AppIcon;
				FRAMEWORK_SEARCH_PATHS = (
					"$(inherited)",
					"$(PROJECT_DIR)/RobotControl_iOS",
				);
				INFOPLIST_FILE = RobotControl_iOS/Info.plist;
				LD_RUNPATH_SEARCH_PATHS = "$(inherited) @executable_path/Frameworks";
				PRODUCT_BUNDLE_IDENTIFIER = "com.aaron.RobotControl-iOS";
				PRODUCT_NAME = "$(TARGET_NAME)";
				SWIFT_VERSION = 3.0;
			};
			name = Debug;
		};
		6F74DAD11EDEED9B003A6B23 /* Release */ = {
			isa = XCBuildConfiguration;
			buildSettings = {
				ASSETCATALOG_COMPILER_APPICON_NAME = AppIcon;
				FRAMEWORK_SEARCH_PATHS = (
					"$(inherited)",
					"$(PROJECT_DIR)/RobotControl_iOS",
				);
				INFOPLIST_FILE = RobotControl_iOS/Info.plist;
				LD_RUNPATH_SEARCH_PATHS = "$(inherited) @executable_path/Frameworks";
				PRODUCT_BUNDLE_IDENTIFIER = "com.aaron.RobotControl-iOS";
				PRODUCT_NAME = "$(TARGET_NAME)";
				SWIFT_VERSION = 3.0;
			};
			name = Release;
		};
		6F74DAD31EDEED9B003A6B23 /* Debug */ = {
			isa = XCBuildConfiguration;
			buildSettings = {
				ALWAYS_EMBED_SWIFT_STANDARD_LIBRARIES = YES;
				BUNDLE_LOADER = "$(TEST_HOST)";
				INFOPLIST_FILE = RobotControl_iOSTests/Info.plist;
				LD_RUNPATH_SEARCH_PATHS = "$(inherited) @executable_path/Frameworks @loader_path/Frameworks";
				PRODUCT_BUNDLE_IDENTIFIER = "com.aaron.RobotControl-iOSTests";
				PRODUCT_NAME = "$(TARGET_NAME)";
				SWIFT_VERSION = 3.0;
				TEST_HOST = "$(BUILT_PRODUCTS_DIR)/RobotControl_iOS.app/RobotControl_iOS";
			};
			name = Debug;
		};
		6F74DAD41EDEED9B003A6B23 /* Release */ = {
			isa = XCBuildConfiguration;
			buildSettings = {
				ALWAYS_EMBED_SWIFT_STANDARD_LIBRARIES = YES;
				BUNDLE_LOADER = "$(TEST_HOST)";
				INFOPLIST_FILE = RobotControl_iOSTests/Info.plist;
				LD_RUNPATH_SEARCH_PATHS = "$(inherited) @executable_path/Frameworks @loader_path/Frameworks";
				PRODUCT_BUNDLE_IDENTIFIER = "com.aaron.RobotControl-iOSTests";
				PRODUCT_NAME = "$(TARGET_NAME)";
				SWIFT_VERSION = 3.0;
				TEST_HOST = "$(BUILT_PRODUCTS_DIR)/RobotControl_iOS.app/RobotControl_iOS";
			};
			name = Release;
		};
/* End XCBuildConfiguration section */

/* Begin XCConfigurationList section */
		6F74DAAA1EDEED9A003A6B23 /* Build configuration list for PBXProject "RobotControl_iOS" */ = {
			isa = XCConfigurationList;
			buildConfigurations = (
				6F74DACD1EDEED9B003A6B23 /* Debug */,
				6F74DACE1EDEED9B003A6B23 /* Release */,
			);
			defaultConfigurationIsVisible = 0;
			defaultConfigurationName = Release;
		};
		6F74DACF1EDEED9B003A6B23 /* Build configuration list for PBXNativeTarget "RobotControl_iOS" */ = {
			isa = XCConfigurationList;
			buildConfigurations = (
				6F74DAD01EDEED9B003A6B23 /* Debug */,
				6F74DAD11EDEED9B003A6B23 /* Release */,
			);
			defaultConfigurationIsVisible = 0;
			defaultConfigurationName = Release;
		};
		6F74DAD21EDEED9B003A6B23 /* Build configuration list for PBXNativeTarget "RobotControl_iOSTests" */ = {
			isa = XCConfigurationList;
			buildConfigurations = (
				6F74DAD31EDEED9B003A6B23 /* Debug */,
				6F74DAD41EDEED9B003A6B23 /* Release */,
			);
			defaultConfigurationIsVisible = 0;
			defaultConfigurationName = Release;
		};
/* End XCConfigurationList section */
	};
	rootObject = 6F74DAA71EDEED9A003A6B23 /* Project object */;
}
